// !$*UTF8*$!
{
	archiveVersion = 1;
	classes = {
	};
	objectVersion = 46;
	objects = {
		DD7A68A77B419DFC6934E311 = {
			isa = PBXBuildFile;
			fileRef = 4FAE1BF2862464834666F988;
		};
		AD49949764891BEC9A3867C9 = {
			isa = PBXBuildFile;
			fileRef = 060B7F3B240530B26D3A28D9;
		};
		306E8008C5C0B66AEFD58A1D = {
			isa = PBXBuildFile;
			fileRef = 4CEB5993DE658E67970C1310;
		};
		C2385C1B6B3AAD7C17BBD4A1 = {
			isa = PBXBuildFile;
			fileRef = 4ED9F5E403B98867E989F36D;
		};
		AF606C8F824E9D3ECDC28ECA = {
			isa = PBXBuildFile;
			fileRef = 6C4CBFC2BA5C5D74CFAAEF9B;
		};
		53FB5A1EF35B095B0657A649 = {
			isa = PBXBuildFile;
			fileRef = AF769E68944E8D3B467B3B53;
		};
		D8DFD40077D47F638144FD1E = {
			isa = PBXBuildFile;
			fileRef = 817A4464DFC8D9917CD2020B;
		};
		0CAF3FDC997C834B66DC73BC = {
			isa = PBXBuildFile;
			fileRef = 081B6DCAD1138ED1D8BE008C;
		};
		BED71A1F756E5B85E2272EBF = {
			isa = PBXBuildFile;
			fileRef = 5B5EA99843F90F4D8E305A40;
		};
		6CB30F7C60968F0989B194B4 = {
			isa = PBXBuildFile;
			fileRef = C8EBACF6F4FB0BBD2446B7D4;
		};
		249E0F4B36EB162BAA245839 = {
			isa = PBXBuildFile;
			fileRef = 2995A06E09941506321CBC92;
		};
		4ECC4414727ED9093D7FDE88 = {
			isa = PBXBuildFile;
			fileRef = 21E94B0FE0B0AAD85E5E71B8;
		};
		88AF05EE6F7C6EAF374E591C = {
			isa = PBXBuildFile;
			fileRef = 2B5DE0CC27F0DE2445F9C941;
		};
		6B5039A0296D87376E71E9F4 = {
			isa = PBXBuildFile;
			fileRef = 2CF5F03E165ACF11C2306A9F;
		};
		DD2BAD349B27455BC7F70102 = {
			isa = PBXBuildFile;
			fileRef = 8CC27B01D6EDBDF572F22499;
		};
		FE4F50B21BC7777659E37E39 = {
			isa = PBXBuildFile;
			fileRef = 88352ADB311C197F409DC0BC;
		};
		02A02B4CDD75DEFA6CD9F2E1 = {
			isa = PBXBuildFile;
			fileRef = DF2FD4C5841C8937309CB2AA;
		};
		6F3E3FEAA0B20E687A7538F9 = {
			isa = PBXBuildFile;
			fileRef = 7552AD32814D1C0C2BA43955;
		};
		B8E5002442AC4F8AC9D45FAF = {
			isa = PBXBuildFile;
			fileRef = 79252CE7CD6D9665F9B7DBE9;
		};
		CCD626DDA8343A42200BF538 = {
			isa = PBXBuildFile;
			fileRef = 39C9243B91B8A62F076A11EC;
		};
		4321FAB29358FEECE282897F = {
			isa = PBXBuildFile;
			fileRef = 0BBC5AB04A8A46FC5AC05837;
		};
		B67213DC879591036DAE8E34 = {
			isa = PBXBuildFile;
			fileRef = E84FE49FB94F2199795AF68A;
		};
		4CFEE05C61C87CE42A649E0B = {
			isa = PBXBuildFile;
			fileRef = A000122EB0BB095CE36859E7;
		};
		7D8BC38B04E1582A513FF12F = {
			isa = PBXBuildFile;
			fileRef = 841911511FB9C90A2B47CB26;
		};
		D7B6D11F9E286308D54C23A1 = {
			isa = PBXBuildFile;
			fileRef = 2C9240A8253B308320E34F78;
		};
		32BB5486583DEA7DECF3E130 = {
			isa = PBXBuildFile;
			fileRef = 6A1BFA5BC5D60EBEC87D09EF;
		};
		447E2EF5C10440E947D63C82 = {
			isa = PBXBuildFile;
			fileRef = 60243EDE55A59DA26DD6FA8C;
		};
		6E262DF1BAE63E49CD4D3BFA = {
			isa = PBXBuildFile;
			fileRef = 9598896FC4FDBD473C623A42;
		};
		840F982A5D79475A6115AAD3 = {
			isa = PBXBuildFile;
			fileRef = 6737495CFE550426227F1BB2;
		};
		9E7A45A26814BAA66B9EFA86 = {
			isa = PBXBuildFile;
			fileRef = 98A76A0CA5A6B3ED6E10AED8;
		};
		961DB1F454F9B777C8308FDC = {
			isa = PBXBuildFile;
			fileRef = E5C394A1617DFA1B1A4B082A;
		};
		2836E157210DE5957976D436 = {
			isa = PBXBuildFile;
			fileRef = 2BE8E2D0695DF49E06077123;
		};
		2239004C80C0A23A6ACA1046 = {
			isa = PBXBuildFile;
			fileRef = F86B1897754FF0819E9450F8;
		};
		A3ADF3826F57784F375C8729 = {
			isa = PBXBuildFile;
			fileRef = E170504D474BD68E641B1C53;
		};
		DFE5F1B2EA98CB7B07D0AE77 = {
			isa = PBXBuildFile;
			fileRef = 8B9C4E5CC67B4C6ED71CB6A5;
		};
		610F66179EFBAD8AD97A8A36 = {
			isa = PBXBuildFile;
			fileRef = B1076038E81F7DCE29AA8BD6;
		};
		8C525A5F7141F6DCFCF7DDD7 = {
			isa = PBXBuildFile;
			fileRef = DFD352BE6573622D3C9F10A4;
		};
		6E73B06C2D303BF8A91C12FC = {
			isa = PBXBuildFile;
			fileRef = 0E98A7DFA39963E12A650F9A;
		};
		DB3397B2B84A22736636883D = {
			isa = PBXBuildFile;
			fileRef = B96070A4E2D7090B8CFE99EF;
		};
		3C1F315FDE7878B77F66BA05 = {
			isa = PBXBuildFile;
			fileRef = 87E02C64102CB849FAB41186;
		};
		4FAE1BF2862464834666F988 = {
			isa = PBXFileReference;
			explicitFileType = wrapper.cfbundle;
			includeInIndex = 0;
			path = fmSynth.vst3;
			sourceTree = "BUILT_PRODUCTS_DIR";
		};
		060B7F3B240530B26D3A28D9 = {
			isa = PBXFileReference;
			explicitFileType = wrapper.cfbundle;
			includeInIndex = 0;
			path = fmSynth.component;
			sourceTree = "BUILT_PRODUCTS_DIR";
		};
		081B6DCAD1138ED1D8BE008C = {
			isa = PBXFileReference;
			lastKnownFileType = wrapper.framework;
			name = Carbon.framework;
			path = System/Library/Frameworks/Carbon.framework;
			sourceTree = SDKROOT;
		};
		0BBC5AB04A8A46FC5AC05837 = {
			isa = PBXFileReference;
			lastKnownFileType = sourcecode.cpp.objcpp;
			name = "include_juce_audio_basics.mm";
			path = "../../JuceLibraryCode/include_juce_audio_basics.mm";
			sourceTree = "SOURCE_ROOT";
		};
		0DD89A6B17B46E45AD462D05 = {
			isa = PBXFileReference;
			lastKnownFileType = text.plist.xml;
			name = "Info-AU.plist";
			path = "Info-AU.plist";
			sourceTree = "SOURCE_ROOT";
		};
		0E98A7DFA39963E12A650F9A = {
			isa = PBXFileReference;
			lastKnownFileType = sourcecode.cpp.objcpp;
			name = "include_juce_gui_basics.mm";
			path = "../../JuceLibraryCode/include_juce_gui_basics.mm";
			sourceTree = "SOURCE_ROOT";
		};
		1909844754F9BB74CE6F121B = {
			isa = PBXFileReference;
			lastKnownFileType = file;
			name = "juce_gui_extra";
			path = "../../../../../JUCE/modules/juce_gui_extra";
			sourceTree = "SOURCE_ROOT";
		};
		21E94B0FE0B0AAD85E5E71B8 = {
			isa = PBXFileReference;
			lastKnownFileType = wrapper.framework;
			name = CoreMIDI.framework;
			path = System/Library/Frameworks/CoreMIDI.framework;
			sourceTree = SDKROOT;
		};
		2995A06E09941506321CBC92 = {
			isa = PBXFileReference;
			lastKnownFileType = wrapper.framework;
			name = CoreAudioKit.framework;
			path = System/Library/Frameworks/CoreAudioKit.framework;
			sourceTree = SDKROOT;
		};
		2B5DE0CC27F0DE2445F9C941 = {
			isa = PBXFileReference;
			lastKnownFileType = wrapper.framework;
			name = DiscRecording.framework;
			path = System/Library/Frameworks/DiscRecording.framework;
			sourceTree = SDKROOT;
		};
		2BE8E2D0695DF49E06077123 = {
			isa = PBXFileReference;
			lastKnownFileType = sourcecode.cpp.objcpp;
			name = "include_juce_audio_utils.mm";
			path = "../../JuceLibraryCode/include_juce_audio_utils.mm";
			sourceTree = "SOURCE_ROOT";
		};
		2C9240A8253B308320E34F78 = {
			isa = PBXFileReference;
			lastKnownFileType = sourcecode.cpp.objcpp;
			name = "include_juce_audio_plugin_client_AU_1.mm";
			path = "../../JuceLibraryCode/include_juce_audio_plugin_client_AU_1.mm";
			sourceTree = "SOURCE_ROOT";
		};
		2CF5F03E165ACF11C2306A9F = {
			isa = PBXFileReference;
			lastKnownFileType = wrapper.framework;
			name = IOKit.framework;
			path = System/Library/Frameworks/IOKit.framework;
			sourceTree = SDKROOT;
		};
		34217167D48CC086DD254A53 = {
			isa = PBXFileReference;
			lastKnownFileType = file;
			name = "juce_audio_utils";
			path = "../../../../../JUCE/modules/juce_audio_utils";
			sourceTree = "SOURCE_ROOT";
		};
		39C9243B91B8A62F076A11EC = {
			isa = PBXFileReference;
			lastKnownFileType = sourcecode.cpp.cpp;
			name = PluginEditor.cpp;
			path = ../../Source/PluginEditor.cpp;
			sourceTree = "SOURCE_ROOT";
		};
		4CEB5993DE658E67970C1310 = {
			isa = PBXFileReference;
			explicitFileType = wrapper.application;
			includeInIndex = 0;
			path = fmSynth.app;
			sourceTree = "BUILT_PRODUCTS_DIR";
		};
		4ED9F5E403B98867E989F36D = {
			isa = PBXFileReference;
			explicitFileType = archive.ar;
			includeInIndex = 0;
			path = libfmSynth.a;
			sourceTree = "BUILT_PRODUCTS_DIR";
		};
		534E6F7BF5D5DE9C2B1D084D = {
			isa = PBXFileReference;
			lastKnownFileType = file;
			name = "juce_audio_plugin_client";
			path = "../../../../../JUCE/modules/juce_audio_plugin_client";
			sourceTree = "SOURCE_ROOT";
		};
		5B5EA99843F90F4D8E305A40 = {
			isa = PBXFileReference;
			lastKnownFileType = wrapper.framework;
			name = Cocoa.framework;
			path = System/Library/Frameworks/Cocoa.framework;
			sourceTree = SDKROOT;
		};
		5D6C90829AA955E06308D1BA = {
			isa = PBXFileReference;
			lastKnownFileType = file;
			name = "juce_gui_basics";
			path = "../../../../../JUCE/modules/juce_gui_basics";
			sourceTree = "SOURCE_ROOT";
		};
		60243EDE55A59DA26DD6FA8C = {
			isa = PBXFileReference;
			lastKnownFileType = sourcecode.cpp.cpp;
			name = "include_juce_audio_plugin_client_Standalone.cpp";
			path = "../../JuceLibraryCode/include_juce_audio_plugin_client_Standalone.cpp";
			sourceTree = "SOURCE_ROOT";
		};
		6737495CFE550426227F1BB2 = {
			isa = PBXFileReference;
			lastKnownFileType = sourcecode.cpp.objcpp;
			name = "include_juce_audio_plugin_client_VST_utils.mm";
			path = "../../JuceLibraryCode/include_juce_audio_plugin_client_VST_utils.mm";
			sourceTree = "SOURCE_ROOT";
		};
		6A1BFA5BC5D60EBEC87D09EF = {
			isa = PBXFileReference;
			lastKnownFileType = sourcecode.cpp.objcpp;
			name = "include_juce_audio_plugin_client_AU_2.mm";
			path = "../../JuceLibraryCode/include_juce_audio_plugin_client_AU_2.mm";
			sourceTree = "SOURCE_ROOT";
		};
		6C4CBFC2BA5C5D74CFAAEF9B = {
			isa = PBXFileReference;
			lastKnownFileType = wrapper.framework;
			name = Accelerate.framework;
			path = System/Library/Frameworks/Accelerate.framework;
			sourceTree = SDKROOT;
		};
		73C7349709CF3417DCFE7A73 = {
			isa = PBXFileReference;
			lastKnownFileType = file;
			name = "juce_audio_processors";
			path = "../../../../../JUCE/modules/juce_audio_processors";
			sourceTree = "SOURCE_ROOT";
		};
		74801FE277800530000C8B97 = {
			isa = PBXFileReference;
			lastKnownFileType = sourcecode.c.h;
			name = AppConfig.h;
			path = ../../JuceLibraryCode/AppConfig.h;
			sourceTree = "SOURCE_ROOT";
		};
		7552AD32814D1C0C2BA43955 = {
			isa = PBXFileReference;
			lastKnownFileType = file.nib;
			name = RecentFilesMenuTemplate.nib;
			path = RecentFilesMenuTemplate.nib;
			sourceTree = "SOURCE_ROOT";
		};
		79252CE7CD6D9665F9B7DBE9 = {
			isa = PBXFileReference;
			lastKnownFileType = sourcecode.cpp.cpp;
			name = PluginProcessor.cpp;
			path = ../../Source/PluginProcessor.cpp;
			sourceTree = "SOURCE_ROOT";
		};
		7D19D9CB11F04229D6F440D5 = {
			isa = PBXFileReference;
			lastKnownFileType = text.plist.xml;
			name = "Info-Standalone_Plugin.plist";
			path = "Info-Standalone_Plugin.plist";
			sourceTree = "SOURCE_ROOT";
		};
		817A4464DFC8D9917CD2020B = {
			isa = PBXFileReference;
			lastKnownFileType = wrapper.framework;
			name = AudioUnit.framework;
			path = System/Library/Frameworks/AudioUnit.framework;
			sourceTree = SDKROOT;
		};
		82F85D6D4F597E2EB552BA17 = {
			isa = PBXFileReference;
			lastKnownFileType = file;
			name = "juce_cryptography";
			path = "../../../../../JUCE/modules/juce_cryptography";
			sourceTree = "SOURCE_ROOT";
		};
		841911511FB9C90A2B47CB26 = {
			isa = PBXFileReference;
			lastKnownFileType = file.r;
			name = "include_juce_audio_plugin_client_AU.r";
			path = "../../JuceLibraryCode/include_juce_audio_plugin_client_AU.r";
			sourceTree = "SOURCE_ROOT";
		};
		87E02C64102CB849FAB41186 = {
			isa = PBXFileReference;
			lastKnownFileType = sourcecode.cpp.objcpp;
			name = "include_juce_opengl.mm";
			path = "../../JuceLibraryCode/include_juce_opengl.mm";
			sourceTree = "SOURCE_ROOT";
		};
		88352ADB311C197F409DC0BC = {
			isa = PBXFileReference;
			lastKnownFileType = wrapper.framework;
			name = QuartzCore.framework;
			path = System/Library/Frameworks/QuartzCore.framework;
			sourceTree = SDKROOT;
		};
		8A380CBFAC024B7F97332C83 = {
			isa = PBXFileReference;
			lastKnownFileType = sourcecode.c.h;
			name = PluginEditor.h;
			path = ../../Source/PluginEditor.h;
			sourceTree = "SOURCE_ROOT";
		};
		8B9C4E5CC67B4C6ED71CB6A5 = {
			isa = PBXFileReference;
			lastKnownFileType = sourcecode.cpp.objcpp;
			name = "include_juce_data_structures.mm";
			path = "../../JuceLibraryCode/include_juce_data_structures.mm";
			sourceTree = "SOURCE_ROOT";
		};
		8CC27B01D6EDBDF572F22499 = {
			isa = PBXFileReference;
			lastKnownFileType = wrapper.framework;
			name = OpenGL.framework;
			path = System/Library/Frameworks/OpenGL.framework;
			sourceTree = SDKROOT;
		};
		9598896FC4FDBD473C623A42 = {
			isa = PBXFileReference;
			lastKnownFileType = sourcecode.cpp.cpp;
			name = "include_juce_audio_plugin_client_utils.cpp";
			path = "../../JuceLibraryCode/include_juce_audio_plugin_client_utils.cpp";
			sourceTree = "SOURCE_ROOT";
		};
		98A76A0CA5A6B3ED6E10AED8 = {
			isa = PBXFileReference;
			lastKnownFileType = sourcecode.cpp.cpp;
			name = "include_juce_audio_plugin_client_VST3.cpp";
			path = "../../JuceLibraryCode/include_juce_audio_plugin_client_VST3.cpp";
			sourceTree = "SOURCE_ROOT";
		};
		A000122EB0BB095CE36859E7 = {
			isa = PBXFileReference;
			lastKnownFileType = sourcecode.cpp.objcpp;
			name = "include_juce_audio_formats.mm";
			path = "../../JuceLibraryCode/include_juce_audio_formats.mm";
			sourceTree = "SOURCE_ROOT";
		};
		AF769E68944E8D3B467B3B53 = {
			isa = PBXFileReference;
			lastKnownFileType = wrapper.framework;
			name = AudioToolbox.framework;
			path = System/Library/Frameworks/AudioToolbox.framework;
			sourceTree = SDKROOT;
		};
		B1076038E81F7DCE29AA8BD6 = {
			isa = PBXFileReference;
			lastKnownFileType = sourcecode.cpp.objcpp;
			name = "include_juce_events.mm";
			path = "../../JuceLibraryCode/include_juce_events.mm";
			sourceTree = "SOURCE_ROOT";
		};
		B96070A4E2D7090B8CFE99EF = {
			isa = PBXFileReference;
			lastKnownFileType = sourcecode.cpp.objcpp;
			name = "include_juce_gui_extra.mm";
			path = "../../JuceLibraryCode/include_juce_gui_extra.mm";
			sourceTree = "SOURCE_ROOT";
		};
		C274630C3ABAADE149723349 = {
			isa = PBXFileReference;
			lastKnownFileType = file;
			name = "juce_data_structures";
			path = "../../../../../JUCE/modules/juce_data_structures";
			sourceTree = "SOURCE_ROOT";
		};
		C32C989C9753335AA443F97B = {
			isa = PBXFileReference;
			lastKnownFileType = file;
			name = "juce_audio_basics";
			path = "../../../../../JUCE/modules/juce_audio_basics";
			sourceTree = "SOURCE_ROOT";
		};
		C8EBACF6F4FB0BBD2446B7D4 = {
			isa = PBXFileReference;
			lastKnownFileType = wrapper.framework;
			name = CoreAudio.framework;
			path = System/Library/Frameworks/CoreAudio.framework;
			sourceTree = SDKROOT;
		};
		C9C0771FCCE34DD8CAE11863 = {
			isa = PBXFileReference;
			lastKnownFileType = text.plist.xml;
			name = "Info-VST3.plist";
			path = "Info-VST3.plist";
			sourceTree = "SOURCE_ROOT";
		};
		CF8365D4EC8E7F399D0A284B = {
			isa = PBXFileReference;
			lastKnownFileType = sourcecode.c.h;
			name = PluginProcessor.h;
			path = ../../Source/PluginProcessor.h;
			sourceTree = "SOURCE_ROOT";
		};
		D24873330F961ACC7FC4DF6C = {
			isa = PBXFileReference;
			lastKnownFileType = file;
			name = "juce_audio_formats";
			path = "../../../../../JUCE/modules/juce_audio_formats";
			sourceTree = "SOURCE_ROOT";
		};
		DF2FD4C5841C8937309CB2AA = {
			isa = PBXFileReference;
			lastKnownFileType = wrapper.framework;
			name = WebKit.framework;
			path = System/Library/Frameworks/WebKit.framework;
			sourceTree = SDKROOT;
		};
		DFD352BE6573622D3C9F10A4 = {
			isa = PBXFileReference;
			lastKnownFileType = sourcecode.cpp.objcpp;
			name = "include_juce_graphics.mm";
			path = "../../JuceLibraryCode/include_juce_graphics.mm";
			sourceTree = "SOURCE_ROOT";
		};
		E170504D474BD68E641B1C53 = {
			isa = PBXFileReference;
			lastKnownFileType = sourcecode.cpp.objcpp;
			name = "include_juce_cryptography.mm";
			path = "../../JuceLibraryCode/include_juce_cryptography.mm";
			sourceTree = "SOURCE_ROOT";
		};
		E3A06B6CA53CF7C8EA86533B = {
			isa = PBXFileReference;
			lastKnownFileType = file;
			name = "juce_core";
			path = "../../../../../JUCE/modules/juce_core";
			sourceTree = "SOURCE_ROOT";
		};
		E46183798A37A8043D387FD3 = {
			isa = PBXFileReference;
			lastKnownFileType = text.plist.xml;
			name = fmSynth.entitlements;
			path = fmSynth.entitlements;
			sourceTree = "SOURCE_ROOT";
		};
		E5C394A1617DFA1B1A4B082A = {
			isa = PBXFileReference;
			lastKnownFileType = sourcecode.cpp.objcpp;
			name = "include_juce_audio_processors.mm";
			path = "../../JuceLibraryCode/include_juce_audio_processors.mm";
			sourceTree = "SOURCE_ROOT";
		};
		E681CA701E5861842E8DB921 = {
			isa = PBXFileReference;
			lastKnownFileType = file;
			name = "juce_audio_devices";
			path = "../../../../../JUCE/modules/juce_audio_devices";
			sourceTree = "SOURCE_ROOT";
		};
		E7809D4164640E1B158758D9 = {
			isa = PBXFileReference;
			lastKnownFileType = sourcecode.c.h;
			name = JuceHeader.h;
			path = ../../JuceLibraryCode/JuceHeader.h;
			sourceTree = "SOURCE_ROOT";
		};
		E84FE49FB94F2199795AF68A = {
			isa = PBXFileReference;
			lastKnownFileType = sourcecode.cpp.objcpp;
			name = "include_juce_audio_devices.mm";
			path = "../../JuceLibraryCode/include_juce_audio_devices.mm";
			sourceTree = "SOURCE_ROOT";
		};
		E875E4AA69B731934D6E3377 = {
			isa = PBXFileReference;
			lastKnownFileType = file;
			name = "juce_opengl";
			path = "../../../../../JUCE/modules/juce_opengl";
			sourceTree = "SOURCE_ROOT";
		};
		F86B1897754FF0819E9450F8 = {
			isa = PBXFileReference;
			lastKnownFileType = sourcecode.cpp.objcpp;
			name = "include_juce_core.mm";
			path = "../../JuceLibraryCode/include_juce_core.mm";
			sourceTree = "SOURCE_ROOT";
		};
		FA867D42E7EF3220BAA666DC = {
			isa = PBXFileReference;
			lastKnownFileType = file;
			name = "juce_events";
			path = "../../../../../JUCE/modules/juce_events";
			sourceTree = "SOURCE_ROOT";
		};
		FE7B9B01804AD42DE48D3633 = {
			isa = PBXFileReference;
			lastKnownFileType = file;
			name = "juce_graphics";
			path = "../../../../../JUCE/modules/juce_graphics";
			sourceTree = "SOURCE_ROOT";
		};
		74D72C663A433F146303F9B5 = {
			isa = PBXGroup;
			children = (
				79252CE7CD6D9665F9B7DBE9,
				CF8365D4EC8E7F399D0A284B,
				39C9243B91B8A62F076A11EC,
				8A380CBFAC024B7F97332C83,
			);
			name = Source;
			sourceTree = "<group>";
		};
		CF436B71EBD2C9BEDA8F7AA4 = {
			isa = PBXGroup;
			children = (
				74D72C663A433F146303F9B5,
			);
			name = fmSynth;
			sourceTree = "<group>";
		};
		A6549BEF83249342D1E0D27C = {
			isa = PBXGroup;
			children = (
				C32C989C9753335AA443F97B,
				E681CA701E5861842E8DB921,
				D24873330F961ACC7FC4DF6C,
				534E6F7BF5D5DE9C2B1D084D,
				73C7349709CF3417DCFE7A73,
				34217167D48CC086DD254A53,
				E3A06B6CA53CF7C8EA86533B,
				82F85D6D4F597E2EB552BA17,
				C274630C3ABAADE149723349,
				FA867D42E7EF3220BAA666DC,
				FE7B9B01804AD42DE48D3633,
				5D6C90829AA955E06308D1BA,
				1909844754F9BB74CE6F121B,
				E875E4AA69B731934D6E3377,
			);
			name = "JUCE Modules";
			sourceTree = "<group>";
		};
		532E0336F548CE6E62A6A951 = {
			isa = PBXGroup;
			children = (
				74801FE277800530000C8B97,
				0BBC5AB04A8A46FC5AC05837,
				E84FE49FB94F2199795AF68A,
				A000122EB0BB095CE36859E7,
				841911511FB9C90A2B47CB26,
				2C9240A8253B308320E34F78,
				6A1BFA5BC5D60EBEC87D09EF,
				60243EDE55A59DA26DD6FA8C,
				9598896FC4FDBD473C623A42,
				6737495CFE550426227F1BB2,
				98A76A0CA5A6B3ED6E10AED8,
				E5C394A1617DFA1B1A4B082A,
				2BE8E2D0695DF49E06077123,
				F86B1897754FF0819E9450F8,
				E170504D474BD68E641B1C53,
				8B9C4E5CC67B4C6ED71CB6A5,
				B1076038E81F7DCE29AA8BD6,
				DFD352BE6573622D3C9F10A4,
				0E98A7DFA39963E12A650F9A,
				B96070A4E2D7090B8CFE99EF,
				87E02C64102CB849FAB41186,
				E7809D4164640E1B158758D9,
			);
			name = "JUCE Library Code";
			sourceTree = "<group>";
		};
		F5DA46B65F0C91557C1D662E = {
			isa = PBXGroup;
			children = (
				C9C0771FCCE34DD8CAE11863,
				0DD89A6B17B46E45AD462D05,
				7D19D9CB11F04229D6F440D5,
				7552AD32814D1C0C2BA43955,
			);
			name = Resources;
			sourceTree = "<group>";
		};
		A85C4A098ED462672B8AA323 = {
			isa = PBXGroup;
			children = (
				6C4CBFC2BA5C5D74CFAAEF9B,
				AF769E68944E8D3B467B3B53,
				817A4464DFC8D9917CD2020B,
				081B6DCAD1138ED1D8BE008C,
				5B5EA99843F90F4D8E305A40,
				C8EBACF6F4FB0BBD2446B7D4,
				2995A06E09941506321CBC92,
				21E94B0FE0B0AAD85E5E71B8,
				2B5DE0CC27F0DE2445F9C941,
				2CF5F03E165ACF11C2306A9F,
				8CC27B01D6EDBDF572F22499,
				88352ADB311C197F409DC0BC,
				DF2FD4C5841C8937309CB2AA,
			);
			name = Frameworks;
			sourceTree = "<group>";
		};
		A3E2918EC789BB08BD92B46F = {
			isa = PBXGroup;
			children = (
				4FAE1BF2862464834666F988,
				060B7F3B240530B26D3A28D9,
				4CEB5993DE658E67970C1310,
				4ED9F5E403B98867E989F36D,
			);
			name = Products;
			sourceTree = "<group>";
		};
		56EDC3C06B935E9FF8355DB2 = {
			isa = PBXGroup;
			children = (
				CF436B71EBD2C9BEDA8F7AA4,
				A6549BEF83249342D1E0D27C,
				532E0336F548CE6E62A6A951,
				F5DA46B65F0C91557C1D662E,
				A85C4A098ED462672B8AA323,
				A3E2918EC789BB08BD92B46F,
			);
			name = Source;
			sourceTree = "<group>";
		};
		72A3EC22E62D89D811311C25 = {
			isa = XCBuildConfiguration;
			buildSettings = {
				MACOSX_DEPLOYMENT_TARGET = 10.11;
			};
			name = Debug;
		};
		5E6AAA091166B6FC1803B81E = {
			isa = XCBuildConfiguration;
			buildSettings = {
				MACOSX_DEPLOYMENT_TARGET = 10.11;
			};
			name = Release;
		};
		734917938FAEA219C9DE067D = {
			isa = XCBuildConfiguration;
			buildSettings = {
				CLANG_CXX_LANGUAGE_STANDARD = "c++14";
				CLANG_CXX_LIBRARY = "libc++";
				CLANG_LINK_OBJC_RUNTIME = NO;
				CODE_SIGN_IDENTITY = "";
				COMBINE_HIDPI_IMAGES = YES;
				CONFIGURATION_BUILD_DIR = "$(PROJECT_DIR)/build/$(CONFIGURATION)";
				COPY_PHASE_STRIP = NO;
				DEPLOYMENT_LOCATION = YES;
				DSTROOT = /;
				GCC_DYNAMIC_NO_PIC = NO;
				GCC_OPTIMIZATION_LEVEL = 0;
				GCC_PREPROCESSOR_DEFINITIONS = (
					"_DEBUG=1",
					"DEBUG=1",
					"JUCER_XCODE_MAC_F6D2F4CF=1",
					"JUCE_APP_VERSION=1.0.0",
					"JUCE_APP_VERSION_HEX=0x10000",
					"JucePlugin_Build_VST=0",
					"JucePlugin_Build_VST3=1",
					"JucePlugin_Build_AU=0",
					"JucePlugin_Build_AUv3=0",
					"JucePlugin_Build_RTAS=0",
					"JucePlugin_Build_AAX=0",
					"JucePlugin_Build_Standalone=0",
					"JucePlugin_Build_Unity=0",
				);
				GCC_VERSION = com.apple.compilers.llvm.clang.1_0;
				GENERATE_PKGINFO_FILE = YES;
				HEADER_SEARCH_PATHS = (
					"../../../../../JUCE/modules/juce_audio_processors/format_types/VST3_SDK",
					"../../JuceLibraryCode",
					"../../../../../JUCE/modules",
					"../../../../../JUCE/modules/juce_audio_plugin_client",
					"$(inherited)",
				);
				INFOPLIST_FILE = Info-VST3.plist;
				INFOPLIST_PREPROCESS = NO;
				INSTALL_PATH = "$(HOME)/Library/Audio/Plug-Ins/VST3/";
				LIBRARY_STYLE = Bundle;
				MACOSX_DEPLOYMENT_TARGET = 10.11;
				OTHER_LDFLAGS = "-bundle -lfmSynth";
				PRODUCT_BUNDLE_IDENTIFIER = com.yourcompany.fmSynth;
				PRODUCT_NAME = "fmSynth";
				USE_HEADERMAP = NO;
				WRAPPER_EXTENSION = vst3;
			};
			name = Debug;
		};
		3C66C03AD3EB8E6E73A2A78A = {
			isa = XCBuildConfiguration;
			buildSettings = {
				CLANG_CXX_LANGUAGE_STANDARD = "c++14";
				CLANG_CXX_LIBRARY = "libc++";
				CLANG_LINK_OBJC_RUNTIME = NO;
				CODE_SIGN_IDENTITY = "";
				COMBINE_HIDPI_IMAGES = YES;
				CONFIGURATION_BUILD_DIR = "$(PROJECT_DIR)/build/$(CONFIGURATION)";
				DEAD_CODE_STRIPPING = YES;
				DEPLOYMENT_LOCATION = YES;
				DSTROOT = /;
				GCC_GENERATE_DEBUGGING_SYMBOLS = NO;
				GCC_OPTIMIZATION_LEVEL = 3;
				GCC_PREPROCESSOR_DEFINITIONS = (
					"_NDEBUG=1",
					"NDEBUG=1",
					"JUCER_XCODE_MAC_F6D2F4CF=1",
					"JUCE_APP_VERSION=1.0.0",
					"JUCE_APP_VERSION_HEX=0x10000",
					"JucePlugin_Build_VST=0",
					"JucePlugin_Build_VST3=1",
					"JucePlugin_Build_AU=0",
					"JucePlugin_Build_AUv3=0",
					"JucePlugin_Build_RTAS=0",
					"JucePlugin_Build_AAX=0",
					"JucePlugin_Build_Standalone=0",
					"JucePlugin_Build_Unity=0",
				);
				GCC_SYMBOLS_PRIVATE_EXTERN = YES;
				GCC_VERSION = com.apple.compilers.llvm.clang.1_0;
				GENERATE_PKGINFO_FILE = YES;
				HEADER_SEARCH_PATHS = (
					"../../../../../JUCE/modules/juce_audio_processors/format_types/VST3_SDK",
					"../../JuceLibraryCode",
					"../../../../../JUCE/modules",
					"../../../../../JUCE/modules/juce_audio_plugin_client",
					"$(inherited)",
				);
				INFOPLIST_FILE = Info-VST3.plist;
				INFOPLIST_PREPROCESS = NO;
				INSTALL_PATH = "$(HOME)/Library/Audio/Plug-Ins/VST3/";
				LIBRARY_STYLE = Bundle;
				LLVM_LTO = YES;
				MACOSX_DEPLOYMENT_TARGET = 10.11;
				OTHER_LDFLAGS = "-bundle -lfmSynth";
				PRODUCT_BUNDLE_IDENTIFIER = com.yourcompany.fmSynth;
				PRODUCT_NAME = "fmSynth";
				USE_HEADERMAP = NO;
				WRAPPER_EXTENSION = vst3;
			};
			name = Release;
		};
		CB11FCB261B86A55438B9E97 = {
			isa = XCBuildConfiguration;
			buildSettings = {
				CLANG_CXX_LANGUAGE_STANDARD = "c++14";
				CLANG_CXX_LIBRARY = "libc++";
				CLANG_LINK_OBJC_RUNTIME = NO;
				CODE_SIGN_IDENTITY = "";
				COMBINE_HIDPI_IMAGES = YES;
				CONFIGURATION_BUILD_DIR = "$(PROJECT_DIR)/build/$(CONFIGURATION)";
				COPY_PHASE_STRIP = NO;
				DEPLOYMENT_LOCATION = YES;
				DSTROOT = /;
				GCC_DYNAMIC_NO_PIC = NO;
				GCC_OPTIMIZATION_LEVEL = 0;
				GCC_PREPROCESSOR_DEFINITIONS = (
					"_DEBUG=1",
					"DEBUG=1",
					"JUCER_XCODE_MAC_F6D2F4CF=1",
					"JUCE_APP_VERSION=1.0.0",
					"JUCE_APP_VERSION_HEX=0x10000",
					"JucePlugin_Build_VST=0",
					"JucePlugin_Build_VST3=0",
					"JucePlugin_Build_AU=1",
					"JucePlugin_Build_AUv3=0",
					"JucePlugin_Build_RTAS=0",
					"JucePlugin_Build_AAX=0",
					"JucePlugin_Build_Standalone=0",
					"JucePlugin_Build_Unity=0",
				);
				GCC_VERSION = com.apple.compilers.llvm.clang.1_0;
				GENERATE_PKGINFO_FILE = YES;
				HEADER_SEARCH_PATHS = (
					"../../../../../JUCE/modules/juce_audio_processors/format_types/VST3_SDK",
					"../../JuceLibraryCode",
					"../../../../../JUCE/modules",
					"../../../../../JUCE/modules/juce_audio_plugin_client",
					"$(inherited)",
				);
				INFOPLIST_FILE = Info-AU.plist;
				INFOPLIST_PREPROCESS = NO;
				INSTALL_PATH = "$(HOME)/Library/Audio/Plug-Ins/Components/";
				LIBRARY_STYLE = Bundle;
				MACOSX_DEPLOYMENT_TARGET = 10.11;
				OTHER_LDFLAGS = "-bundle -lfmSynth";
				OTHER_REZFLAGS = "-d ppc_$ppc -d i386_$i386 -d ppc64_$ppc64 -d x86_64_$x86_64 -I /System/Library/Frameworks/CoreServices.framework/Frameworks/CarbonCore.framework/Versions/A/Headers -I \"$(DEVELOPER_DIR)/Extras/CoreAudio/AudioUnits/AUPublic/AUBase\" -I \"$(DEVELOPER_DIR)/Platforms/MacOSX.platform/Developer/SDKs/MacOSX.sdk/System/Library/Frameworks/AudioUnit.framework/Headers\"";
				PRODUCT_BUNDLE_IDENTIFIER = com.yourcompany.fmSynth;
				PRODUCT_NAME = "fmSynth";
				USE_HEADERMAP = NO;
				WRAPPER_EXTENSION = component;
			};
			name = Debug;
		};
		E7A44AA448BCB93464D71DED = {
			isa = XCBuildConfiguration;
			buildSettings = {
				CLANG_CXX_LANGUAGE_STANDARD = "c++14";
				CLANG_CXX_LIBRARY = "libc++";
				CLANG_LINK_OBJC_RUNTIME = NO;
				CODE_SIGN_IDENTITY = "";
				COMBINE_HIDPI_IMAGES = YES;
				CONFIGURATION_BUILD_DIR = "$(PROJECT_DIR)/build/$(CONFIGURATION)";
				DEAD_CODE_STRIPPING = YES;
				DEPLOYMENT_LOCATION = YES;
				DSTROOT = /;
				GCC_GENERATE_DEBUGGING_SYMBOLS = NO;
				GCC_OPTIMIZATION_LEVEL = 3;
				GCC_PREPROCESSOR_DEFINITIONS = (
					"_NDEBUG=1",
					"NDEBUG=1",
					"JUCER_XCODE_MAC_F6D2F4CF=1",
					"JUCE_APP_VERSION=1.0.0",
					"JUCE_APP_VERSION_HEX=0x10000",
					"JucePlugin_Build_VST=0",
					"JucePlugin_Build_VST3=0",
					"JucePlugin_Build_AU=1",
					"JucePlugin_Build_AUv3=0",
					"JucePlugin_Build_RTAS=0",
					"JucePlugin_Build_AAX=0",
					"JucePlugin_Build_Standalone=0",
					"JucePlugin_Build_Unity=0",
				);
				GCC_SYMBOLS_PRIVATE_EXTERN = YES;
				GCC_VERSION = com.apple.compilers.llvm.clang.1_0;
				GENERATE_PKGINFO_FILE = YES;
				HEADER_SEARCH_PATHS = (
					"../../../../../JUCE/modules/juce_audio_processors/format_types/VST3_SDK",
					"../../JuceLibraryCode",
					"../../../../../JUCE/modules",
					"../../../../../JUCE/modules/juce_audio_plugin_client",
					"$(inherited)",
				);
				INFOPLIST_FILE = Info-AU.plist;
				INFOPLIST_PREPROCESS = NO;
				INSTALL_PATH = "$(HOME)/Library/Audio/Plug-Ins/Components/";
				LIBRARY_STYLE = Bundle;
				LLVM_LTO = YES;
				MACOSX_DEPLOYMENT_TARGET = 10.11;
				OTHER_LDFLAGS = "-bundle -lfmSynth";
				OTHER_REZFLAGS = "-d ppc_$ppc -d i386_$i386 -d ppc64_$ppc64 -d x86_64_$x86_64 -I /System/Library/Frameworks/CoreServices.framework/Frameworks/CarbonCore.framework/Versions/A/Headers -I \"$(DEVELOPER_DIR)/Extras/CoreAudio/AudioUnits/AUPublic/AUBase\" -I \"$(DEVELOPER_DIR)/Platforms/MacOSX.platform/Developer/SDKs/MacOSX.sdk/System/Library/Frameworks/AudioUnit.framework/Headers\"";
				PRODUCT_BUNDLE_IDENTIFIER = com.yourcompany.fmSynth;
				PRODUCT_NAME = "fmSynth";
				USE_HEADERMAP = NO;
				WRAPPER_EXTENSION = component;
			};
			name = Release;
		};
		6720E024302468B2D4E45126 = {
			isa = XCBuildConfiguration;
			buildSettings = {
				CLANG_CXX_LANGUAGE_STANDARD = "c++14";
				CLANG_CXX_LIBRARY = "libc++";
				CLANG_LINK_OBJC_RUNTIME = NO;
				CODE_SIGN_IDENTITY = "";
				COMBINE_HIDPI_IMAGES = YES;
				CONFIGURATION_BUILD_DIR = "$(PROJECT_DIR)/build/$(CONFIGURATION)";
				COPY_PHASE_STRIP = NO;
				GCC_DYNAMIC_NO_PIC = NO;
				GCC_OPTIMIZATION_LEVEL = 0;
				GCC_PREPROCESSOR_DEFINITIONS = (
					"_DEBUG=1",
					"DEBUG=1",
					"JUCER_XCODE_MAC_F6D2F4CF=1",
					"JUCE_APP_VERSION=1.0.0",
					"JUCE_APP_VERSION_HEX=0x10000",
					"JucePlugin_Build_VST=0",
					"JucePlugin_Build_VST3=0",
					"JucePlugin_Build_AU=0",
					"JucePlugin_Build_AUv3=0",
					"JucePlugin_Build_RTAS=0",
					"JucePlugin_Build_AAX=0",
					"JucePlugin_Build_Standalone=1",
					"JucePlugin_Build_Unity=0",
				);
				GCC_VERSION = com.apple.compilers.llvm.clang.1_0;
				HEADER_SEARCH_PATHS = (
					"../../../../../JUCE/modules/juce_audio_processors/format_types/VST3_SDK",
					"../../JuceLibraryCode",
					"../../../../../JUCE/modules",
					"../../../../../JUCE/modules/juce_audio_plugin_client",
					"$(inherited)",
				);
				INFOPLIST_FILE = Info-Standalone_Plugin.plist;
				INFOPLIST_PREPROCESS = NO;
				MACOSX_DEPLOYMENT_TARGET = 10.11;
				OTHER_LDFLAGS = "-lfmSynth";
				PRODUCT_BUNDLE_IDENTIFIER = com.yourcompany.fmSynth;
				PRODUCT_NAME = "fmSynth";
				USE_HEADERMAP = NO;
			};
			name = Debug;
		};
		0F7597C62437D1A5E8A22546 = {
			isa = XCBuildConfiguration;
			buildSettings = {
				CLANG_CXX_LANGUAGE_STANDARD = "c++14";
				CLANG_CXX_LIBRARY = "libc++";
				CLANG_LINK_OBJC_RUNTIME = NO;
				CODE_SIGN_IDENTITY = "";
				COMBINE_HIDPI_IMAGES = YES;
				CONFIGURATION_BUILD_DIR = "$(PROJECT_DIR)/build/$(CONFIGURATION)";
				DEAD_CODE_STRIPPING = YES;
				GCC_GENERATE_DEBUGGING_SYMBOLS = NO;
				GCC_OPTIMIZATION_LEVEL = 3;
				GCC_PREPROCESSOR_DEFINITIONS = (
					"_NDEBUG=1",
					"NDEBUG=1",
					"JUCER_XCODE_MAC_F6D2F4CF=1",
					"JUCE_APP_VERSION=1.0.0",
					"JUCE_APP_VERSION_HEX=0x10000",
					"JucePlugin_Build_VST=0",
					"JucePlugin_Build_VST3=0",
					"JucePlugin_Build_AU=0",
					"JucePlugin_Build_AUv3=0",
					"JucePlugin_Build_RTAS=0",
					"JucePlugin_Build_AAX=0",
					"JucePlugin_Build_Standalone=1",
					"JucePlugin_Build_Unity=0",
				);
				GCC_SYMBOLS_PRIVATE_EXTERN = YES;
				GCC_VERSION = com.apple.compilers.llvm.clang.1_0;
				HEADER_SEARCH_PATHS = (
					"../../../../../JUCE/modules/juce_audio_processors/format_types/VST3_SDK",
					"../../JuceLibraryCode",
					"../../../../../JUCE/modules",
					"../../../../../JUCE/modules/juce_audio_plugin_client",
					"$(inherited)",
				);
				INFOPLIST_FILE = Info-Standalone_Plugin.plist;
				INFOPLIST_PREPROCESS = NO;
				LLVM_LTO = YES;
				MACOSX_DEPLOYMENT_TARGET = 10.11;
				OTHER_LDFLAGS = "-lfmSynth";
				PRODUCT_BUNDLE_IDENTIFIER = com.yourcompany.fmSynth;
				PRODUCT_NAME = "fmSynth";
				USE_HEADERMAP = NO;
			};
			name = Release;
		};
		776BEFD1E1D419B1C15C790C = {
			isa = XCBuildConfiguration;
			buildSettings = {
				CLANG_CXX_LANGUAGE_STANDARD = "c++14";
				CLANG_CXX_LIBRARY = "libc++";
				CLANG_LINK_OBJC_RUNTIME = NO;
				CODE_SIGN_IDENTITY = "";
				COMBINE_HIDPI_IMAGES = YES;
				CONFIGURATION_BUILD_DIR = "$(PROJECT_DIR)/build/$(CONFIGURATION)";
				COPY_PHASE_STRIP = NO;
				GCC_DYNAMIC_NO_PIC = NO;
				GCC_OPTIMIZATION_LEVEL = 0;
				GCC_PREPROCESSOR_DEFINITIONS = (
					"_DEBUG=1",
					"DEBUG=1",
					"JUCER_XCODE_MAC_F6D2F4CF=1",
					"JUCE_APP_VERSION=1.0.0",
					"JUCE_APP_VERSION_HEX=0x10000",
					"JucePlugin_Build_VST=0",
					"JucePlugin_Build_VST3=1",
					"JucePlugin_Build_AU=1",
					"JucePlugin_Build_AUv3=0",
					"JucePlugin_Build_RTAS=0",
					"JucePlugin_Build_AAX=0",
					"JucePlugin_Build_Standalone=1",
					"JucePlugin_Build_Unity=0",
					"JUCE_SHARED_CODE=1",
				);
				GCC_VERSION = com.apple.compilers.llvm.clang.1_0;
				HEADER_SEARCH_PATHS = (
					"../../../../../JUCE/modules/juce_audio_processors/format_types/VST3_SDK",
					"../../JuceLibraryCode",
					"../../../../../JUCE/modules",
					"../../../../../JUCE/modules/juce_audio_plugin_client",
					"$(inherited)",
				);
				INSTALL_PATH = "@executable_path/../Frameworks";
				MACOSX_DEPLOYMENT_TARGET = 10.11;
				PRODUCT_BUNDLE_IDENTIFIER = com.yourcompany.fmSynth;
				PRODUCT_NAME = "fmSynth";
				SKIP_INSTALL = YES;
				USE_HEADERMAP = NO;
			};
			name = Debug;
		};
		9D27D5468E72B1662BF9D128 = {
			isa = XCBuildConfiguration;
			buildSettings = {
				CLANG_CXX_LANGUAGE_STANDARD = "c++14";
				CLANG_CXX_LIBRARY = "libc++";
				CLANG_LINK_OBJC_RUNTIME = NO;
				CODE_SIGN_IDENTITY = "";
				COMBINE_HIDPI_IMAGES = YES;
				CONFIGURATION_BUILD_DIR = "$(PROJECT_DIR)/build/$(CONFIGURATION)";
				DEAD_CODE_STRIPPING = YES;
				GCC_GENERATE_DEBUGGING_SYMBOLS = NO;
				GCC_OPTIMIZATION_LEVEL = 3;
				GCC_PREPROCESSOR_DEFINITIONS = (
					"_NDEBUG=1",
					"NDEBUG=1",
					"JUCER_XCODE_MAC_F6D2F4CF=1",
					"JUCE_APP_VERSION=1.0.0",
					"JUCE_APP_VERSION_HEX=0x10000",
					"JucePlugin_Build_VST=0",
					"JucePlugin_Build_VST3=1",
					"JucePlugin_Build_AU=1",
					"JucePlugin_Build_AUv3=0",
					"JucePlugin_Build_RTAS=0",
					"JucePlugin_Build_AAX=0",
					"JucePlugin_Build_Standalone=1",
					"JucePlugin_Build_Unity=0",
					"JUCE_SHARED_CODE=1",
				);
				GCC_SYMBOLS_PRIVATE_EXTERN = YES;
				GCC_VERSION = com.apple.compilers.llvm.clang.1_0;
				HEADER_SEARCH_PATHS = (
					"../../../../../JUCE/modules/juce_audio_processors/format_types/VST3_SDK",
					"../../JuceLibraryCode",
					"../../../../../JUCE/modules",
					"../../../../../JUCE/modules/juce_audio_plugin_client",
					"$(inherited)",
				);
				INSTALL_PATH = "@executable_path/../Frameworks";
				LLVM_LTO = YES;
				MACOSX_DEPLOYMENT_TARGET = 10.11;
				PRODUCT_BUNDLE_IDENTIFIER = com.yourcompany.fmSynth;
				PRODUCT_NAME = "fmSynth";
				SKIP_INSTALL = YES;
				USE_HEADERMAP = NO;
			};
			name = Release;
		};
		E872A4431858683C0253E2C9 = {
			isa = XCBuildConfiguration;
			buildSettings = {
				ALWAYS_SEARCH_USER_PATHS = NO;
				CLANG_ENABLE_OBJC_WEAK = YES;
				CLANG_WARN_BLOCK_CAPTURE_AUTORELEASING = YES;
				CLANG_WARN_BOOL_CONVERSION = YES;
				CLANG_WARN_COMMA = YES;
				CLANG_WARN_CONSTANT_CONVERSION = YES;
				CLANG_WARN_DEPRECATED_OBJC_IMPLEMENTATIONS = YES;
				CLANG_WARN_EMPTY_BODY = YES;
				CLANG_WARN_ENUM_CONVERSION = YES;
				CLANG_WARN_INFINITE_RECURSION = YES;
				CLANG_WARN_INT_CONVERSION = YES;
				CLANG_WARN_NON_LITERAL_NULL_CONVERSION = YES;
				CLANG_WARN_OBJC_IMPLICIT_RETAIN_SELF = YES;
				CLANG_WARN_OBJC_LITERAL_CONVERSION = YES;
				CLANG_WARN_RANGE_LOOP_ANALYSIS = YES;
				CLANG_WARN_STRICT_PROTOTYPES = YES;
				CLANG_WARN_SUSPICIOUS_MOVE = YES;
				CLANG_WARN_UNREACHABLE_CODE = YES;
				CLANG_WARN__DUPLICATE_METHOD_MATCH = YES;
				CODE_SIGN_IDENTITY = "";
				DEBUG_INFORMATION_FORMAT = dwarf;
				ENABLE_STRICT_OBJC_MSGSEND = YES;
				ENABLE_TESTABILITY = YES;
				GCC_C_LANGUAGE_STANDARD = c11;
				GCC_INLINES_ARE_PRIVATE_EXTERN = YES;
				GCC_MODEL_TUNING = G5;
				GCC_NO_COMMON_BLOCKS = YES;
				GCC_WARN_64_TO_32_BIT_CONVERSION = YES;
				GCC_WARN_ABOUT_RETURN_TYPE = YES;
				GCC_WARN_CHECK_SWITCH_STATEMENTS = YES;
				GCC_WARN_MISSING_PARENTHESES = YES;
				GCC_WARN_NON_VIRTUAL_DESTRUCTOR = YES;
				GCC_WARN_TYPECHECK_CALLS_TO_PRINTF = YES;
				GCC_WARN_UNDECLARED_SELECTOR = YES;
				GCC_WARN_UNINITIALIZED_AUTOS = YES;
				GCC_WARN_UNUSED_FUNCTION = YES;
				GCC_WARN_UNUSED_VARIABLE = YES;
				ONLY_ACTIVE_ARCH = YES;
				PRODUCT_NAME = "fmSynth";
				WARNING_CFLAGS = "-Wreorder";
				ZERO_LINK = NO;
			};
			name = Debug;
		};
		D3C619D68BADEEC953AFE806 = {
			isa = XCBuildConfiguration;
			buildSettings = {
				ALWAYS_SEARCH_USER_PATHS = NO;
				CLANG_ENABLE_OBJC_WEAK = YES;
				CLANG_WARN_BLOCK_CAPTURE_AUTORELEASING = YES;
				CLANG_WARN_BOOL_CONVERSION = YES;
				CLANG_WARN_COMMA = YES;
				CLANG_WARN_CONSTANT_CONVERSION = YES;
				CLANG_WARN_DEPRECATED_OBJC_IMPLEMENTATIONS = YES;
				CLANG_WARN_EMPTY_BODY = YES;
				CLANG_WARN_ENUM_CONVERSION = YES;
				CLANG_WARN_INFINITE_RECURSION = YES;
				CLANG_WARN_INT_CONVERSION = YES;
				CLANG_WARN_NON_LITERAL_NULL_CONVERSION = YES;
				CLANG_WARN_OBJC_IMPLICIT_RETAIN_SELF = YES;
				CLANG_WARN_OBJC_LITERAL_CONVERSION = YES;
				CLANG_WARN_RANGE_LOOP_ANALYSIS = YES;
				CLANG_WARN_STRICT_PROTOTYPES = YES;
				CLANG_WARN_SUSPICIOUS_MOVE = YES;
				CLANG_WARN_UNREACHABLE_CODE = YES;
				CLANG_WARN__DUPLICATE_METHOD_MATCH = YES;
				CODE_SIGN_IDENTITY = "";
				DEBUG_INFORMATION_FORMAT = dwarf;
				ENABLE_STRICT_OBJC_MSGSEND = YES;
				GCC_C_LANGUAGE_STANDARD = c11;
				GCC_INLINES_ARE_PRIVATE_EXTERN = YES;
				GCC_MODEL_TUNING = G5;
				GCC_NO_COMMON_BLOCKS = YES;
				GCC_WARN_64_TO_32_BIT_CONVERSION = YES;
				GCC_WARN_ABOUT_RETURN_TYPE = YES;
				GCC_WARN_CHECK_SWITCH_STATEMENTS = YES;
				GCC_WARN_MISSING_PARENTHESES = YES;
				GCC_WARN_NON_VIRTUAL_DESTRUCTOR = YES;
				GCC_WARN_TYPECHECK_CALLS_TO_PRINTF = YES;
				GCC_WARN_UNDECLARED_SELECTOR = YES;
				GCC_WARN_UNINITIALIZED_AUTOS = YES;
				GCC_WARN_UNUSED_FUNCTION = YES;
				GCC_WARN_UNUSED_VARIABLE = YES;
				PRODUCT_NAME = "fmSynth";
				WARNING_CFLAGS = "-Wreorder";
				ZERO_LINK = NO;
			};
			name = Release;
		};
		F3C330DA3F74A0D5DB1DCD43 = {
			isa = PBXTargetDependency;
			target = A3D8537E411546479D1B111E;
		};
		2522FA1AA92F2818934B88ED = {
			isa = PBXTargetDependency;
			target = 0132CB9238074B3154525AFD;
		};
		F197295F5D0EED05456BD2C0 = {
			isa = PBXTargetDependency;
			target = 51C1FE557BE009F4BA258344;
		};
		201FE701845E7D98F72E3C5A = {
			isa = PBXTargetDependency;
			target = 40205AF1986A3F5A216C6807;
		};
		9FDCD0AE137F217DB1445CFC = {
			isa = XCConfigurationList;
			buildConfigurations = (
				E872A4431858683C0253E2C9,
				D3C619D68BADEEC953AFE806,
			);
			defaultConfigurationIsVisible = 0;
			defaultConfigurationName = Debug;
		};
		5F37B33F94CB45146372612C = {
			isa = XCConfigurationList;
			buildConfigurations = (
				72A3EC22E62D89D811311C25,
				5E6AAA091166B6FC1803B81E,
			);
			defaultConfigurationIsVisible = 0;
			defaultConfigurationName = Debug;
		};
		56818287782E09946E5A604F = {
			isa = PBXAggregateTarget;
			buildConfigurationList = 5F37B33F94CB45146372612C;
			buildPhases = ( );
			buildRules = ( );
			dependencies = (
				F3C330DA3F74A0D5DB1DCD43,
				2522FA1AA92F2818934B88ED,
				F197295F5D0EED05456BD2C0,
				201FE701845E7D98F72E3C5A,
			);
			name = "fmSynth - All";
			productName = fmSynth;
		};
		4700B13CC27838B6AFACE813 = {
			isa = XCConfigurationList;
			buildConfigurations = (
				734917938FAEA219C9DE067D,
				3C66C03AD3EB8E6E73A2A78A,
			);
			defaultConfigurationIsVisible = 0;
			defaultConfigurationName = Debug;
		};
		EFA35D93D9CE9555425AEB8B = {
			isa = PBXResourcesBuildPhase;
			buildActionMask = 2147483647;
			files = (
				6F3E3FEAA0B20E687A7538F9,
			);
			runOnlyForDeploymentPostprocessing = 0;
		};
		5B425355CC34CBDE694B2AA8 = {
			isa = PBXSourcesBuildPhase;
			buildActionMask = 2147483647;
			files = (
				9E7A45A26814BAA66B9EFA86,
			);
			runOnlyForDeploymentPostprocessing = 0;
		};
		3615442CB9E2C8B5D73A6EFE = {
			isa = PBXFrameworksBuildPhase;
			buildActionMask = 2147483647;
			files = (
				AF606C8F824E9D3ECDC28ECA,
				53FB5A1EF35B095B0657A649,
				0CAF3FDC997C834B66DC73BC,
				BED71A1F756E5B85E2272EBF,
				6CB30F7C60968F0989B194B4,
				249E0F4B36EB162BAA245839,
				4ECC4414727ED9093D7FDE88,
				88AF05EE6F7C6EAF374E591C,
				6B5039A0296D87376E71E9F4,
				DD2BAD349B27455BC7F70102,
				FE4F50B21BC7777659E37E39,
				02A02B4CDD75DEFA6CD9F2E1,
			);
			runOnlyForDeploymentPostprocessing = 0;
		};
		A3D8537E411546479D1B111E = {
			isa = PBXNativeTarget;
			buildConfigurationList = 4700B13CC27838B6AFACE813;
			buildPhases = (
				EFA35D93D9CE9555425AEB8B,
				5B425355CC34CBDE694B2AA8,
				3615442CB9E2C8B5D73A6EFE,
			);
			buildRules = ( );
			dependencies = (
				201FE701845E7D98F72E3C5A,
			);
			name = "fmSynth - VST3";
			productName = fmSynth;
			productReference = 4FAE1BF2862464834666F988;
			productType = "com.apple.product-type.bundle";
		};
		DE56E749DF5D3D47F589B4BD = {
			isa = XCConfigurationList;
			buildConfigurations = (
				CB11FCB261B86A55438B9E97,
				E7A44AA448BCB93464D71DED,
			);
			defaultConfigurationIsVisible = 0;
			defaultConfigurationName = Debug;
		};
		9B9010CBAD5677D3FC18C309 = {
			isa = PBXResourcesBuildPhase;
			buildActionMask = 2147483647;
			files = (
				6F3E3FEAA0B20E687A7538F9,
			);
			runOnlyForDeploymentPostprocessing = 0;
		};
		ACB3A35D0B58AECB88AB0E23 = {
			isa = PBXRezBuildPhase;
			buildActionMask = 2147483647;
			files = (
				7D8BC38B04E1582A513FF12F,
			);
			runOnlyForDeploymentPostprocessing = 0;
		};
		779EC32796B851AC2BDE6023 = {
			isa = PBXSourcesBuildPhase;
			buildActionMask = 2147483647;
			files = (
				D7B6D11F9E286308D54C23A1,
				32BB5486583DEA7DECF3E130,
			);
			runOnlyForDeploymentPostprocessing = 0;
		};
		61589D7FC0E71E097828093F = {
			isa = PBXFrameworksBuildPhase;
			buildActionMask = 2147483647;
			files = (
				AF606C8F824E9D3ECDC28ECA,
				53FB5A1EF35B095B0657A649,
				D8DFD40077D47F638144FD1E,
				0CAF3FDC997C834B66DC73BC,
				BED71A1F756E5B85E2272EBF,
				6CB30F7C60968F0989B194B4,
				249E0F4B36EB162BAA245839,
				4ECC4414727ED9093D7FDE88,
				88AF05EE6F7C6EAF374E591C,
				6B5039A0296D87376E71E9F4,
				DD2BAD349B27455BC7F70102,
				FE4F50B21BC7777659E37E39,
				02A02B4CDD75DEFA6CD9F2E1,
			);
			runOnlyForDeploymentPostprocessing = 0;
		};
		0132CB9238074B3154525AFD = {
			isa = PBXNativeTarget;
			buildConfigurationList = DE56E749DF5D3D47F589B4BD;
			buildPhases = (
				9B9010CBAD5677D3FC18C309,
				ACB3A35D0B58AECB88AB0E23,
				779EC32796B851AC2BDE6023,
				61589D7FC0E71E097828093F,
			);
			buildRules = ( );
			dependencies = (
				201FE701845E7D98F72E3C5A,
			);
			name = "fmSynth - AU";
			productName = fmSynth;
			productReference = 060B7F3B240530B26D3A28D9;
			productType = "com.apple.product-type.bundle";
		};
		DFAB8043135290B1A2B9CC04 = {
			isa = XCConfigurationList;
			buildConfigurations = (
				6720E024302468B2D4E45126,
				0F7597C62437D1A5E8A22546,
			);
			defaultConfigurationIsVisible = 0;
			defaultConfigurationName = Debug;
		};
		7DF5D33EAC697A92D07E117A = {
			isa = PBXResourcesBuildPhase;
			buildActionMask = 2147483647;
			files = (
				6F3E3FEAA0B20E687A7538F9,
			);
			runOnlyForDeploymentPostprocessing = 0;
		};
		08694CB9BC659748D7879635 = {
			isa = PBXSourcesBuildPhase;
			buildActionMask = 2147483647;
			files = (
				447E2EF5C10440E947D63C82,
			);
			runOnlyForDeploymentPostprocessing = 0;
		};
		E01A037F2EF1FE6448144E2E = {
			isa = PBXFrameworksBuildPhase;
			buildActionMask = 2147483647;
			files = (
				AF606C8F824E9D3ECDC28ECA,
				53FB5A1EF35B095B0657A649,
				0CAF3FDC997C834B66DC73BC,
				BED71A1F756E5B85E2272EBF,
				6CB30F7C60968F0989B194B4,
				249E0F4B36EB162BAA245839,
				4ECC4414727ED9093D7FDE88,
				88AF05EE6F7C6EAF374E591C,
				6B5039A0296D87376E71E9F4,
				DD2BAD349B27455BC7F70102,
				FE4F50B21BC7777659E37E39,
				02A02B4CDD75DEFA6CD9F2E1,
			);
			runOnlyForDeploymentPostprocessing = 0;
		};
		51C1FE557BE009F4BA258344 = {
			isa = PBXNativeTarget;
			buildConfigurationList = DFAB8043135290B1A2B9CC04;
			buildPhases = (
				7DF5D33EAC697A92D07E117A,
				08694CB9BC659748D7879635,
				E01A037F2EF1FE6448144E2E,
			);
			buildRules = ( );
			dependencies = (
				201FE701845E7D98F72E3C5A,
			);
			name = "fmSynth - Standalone Plugin";
			productName = fmSynth;
			productReference = 4CEB5993DE658E67970C1310;
			productType = "com.apple.product-type.application";
		};
		5CC28F0EADB729C99723EAEE = {
			isa = XCConfigurationList;
			buildConfigurations = (
				776BEFD1E1D419B1C15C790C,
				9D27D5468E72B1662BF9D128,
			);
			defaultConfigurationIsVisible = 0;
			defaultConfigurationName = Debug;
		};
		7C18D3C5E24B599EC929D785 = {
			isa = PBXSourcesBuildPhase;
			buildActionMask = 2147483647;
			files = (
				B8E5002442AC4F8AC9D45FAF,
				CCD626DDA8343A42200BF538,
				4321FAB29358FEECE282897F,
				B67213DC879591036DAE8E34,
				4CFEE05C61C87CE42A649E0B,
				6E262DF1BAE63E49CD4D3BFA,
				840F982A5D79475A6115AAD3,
				961DB1F454F9B777C8308FDC,
				2836E157210DE5957976D436,
				2239004C80C0A23A6ACA1046,
				A3ADF3826F57784F375C8729,
				DFE5F1B2EA98CB7B07D0AE77,
				610F66179EFBAD8AD97A8A36,
				8C525A5F7141F6DCFCF7DDD7,
				6E73B06C2D303BF8A91C12FC,
				DB3397B2B84A22736636883D,
				3C1F315FDE7878B77F66BA05,
			);
			runOnlyForDeploymentPostprocessing = 0;
		};
		40205AF1986A3F5A216C6807 = {
			isa = PBXNativeTarget;
			buildConfigurationList = 5CC28F0EADB729C99723EAEE;
			buildPhases = (
				7C18D3C5E24B599EC929D785,
			);
			buildRules = ( );
			dependencies = ( );
			name = "fmSynth - Shared Code";
			productName = fmSynth;
			productReference = 4ED9F5E403B98867E989F36D;
			productType = "com.apple.product-type.library.static";
		};
		90E9A528A3A0F21EBE034D5A = {
			isa = PBXProject;
			buildConfigurationList = 9FDCD0AE137F217DB1445CFC;
			attributes = { LastUpgradeCheck = 1100; ORGANIZATIONNAME = ""; TargetAttributes = { 56818287782E09946E5A604F = { SystemCapabilities = {com.apple.ApplicationGroups.iOS = { enabled = 0; }; com.apple.InAppPurchase = { enabled = 0; }; com.apple.InterAppAudio = { enabled = 0; }; com.apple.Push = { enabled = 0; }; com.apple.Sandbox = { enabled = 0; }; com.apple.HardenedRuntime = { enabled = 0; }; }; };A3D8537E411546479D1B111E = { SystemCapabilities = {com.apple.ApplicationGroups.iOS = { enabled = 0; }; com.apple.InAppPurchase = { enabled = 0; }; com.apple.InterAppAudio = { enabled = 0; }; com.apple.Push = { enabled = 0; }; com.apple.Sandbox = { enabled = 0; }; com.apple.HardenedRuntime = { enabled = 0; }; }; };0132CB9238074B3154525AFD = { SystemCapabilities = {com.apple.ApplicationGroups.iOS = { enabled = 0; }; com.apple.InAppPurchase = { enabled = 0; }; com.apple.InterAppAudio = { enabled = 0; }; com.apple.Push = { enabled = 0; }; com.apple.Sandbox = { enabled = 0; }; com.apple.HardenedRuntime = { enabled = 0; }; }; };51C1FE557BE009F4BA258344 = { SystemCapabilities = {com.apple.ApplicationGroups.iOS = { enabled = 0; }; com.apple.InAppPurchase = { enabled = 0; }; com.apple.InterAppAudio = { enabled = 0; }; com.apple.Push = { enabled = 0; }; com.apple.Sandbox = { enabled = 0; }; com.apple.HardenedRuntime = { enabled = 0; }; }; };40205AF1986A3F5A216C6807 = { SystemCapabilities = {com.apple.ApplicationGroups.iOS = { enabled = 0; }; com.apple.InAppPurchase = { enabled = 0; }; com.apple.InterAppAudio = { enabled = 0; }; com.apple.Push = { enabled = 0; }; com.apple.Sandbox = { enabled = 0; }; com.apple.HardenedRuntime = { enabled = 0; }; }; }; }; };
			compatibilityVersion = "Xcode 3.2";
			hasScannedForEncodings = 0;
			mainGroup = 56EDC3C06B935E9FF8355DB2;
			projectDirPath = "";
			projectRoot = "";
			targets = (56818287782E09946E5A604F, A3D8537E411546479D1B111E, 0132CB9238074B3154525AFD, 51C1FE557BE009F4BA258344, 40205AF1986A3F5A216C6807);
			knownRegions = (en, Base);
		};
	};
	rootObject = 90E9A528A3A0F21EBE034D5A;
}
