// !$*UTF8*$!
{
	archiveVersion = 1;
	classes = {
	};
	objectVersion = 46;
	objects = {
		6004E94FEBCCEDA2E0B651F3 = {
			isa = PBXBuildFile;
			fileRef = 34E7A5322FE2D41D40239D9C;
		};
		782BDCE4833820B259A3D8B0 = {
			isa = PBXBuildFile;
			fileRef = F64D1E4FE8B636E1A1845ACB;
		};
		FC4CA546CDFC076DD1C5B13A = {
			isa = PBXBuildFile;
			fileRef = D3018ED572398DE9592E641E;
		};
		634D06A567BEFFC8DE9B4A5A = {
			isa = PBXBuildFile;
			fileRef = AD02C199297B3352BA5826EC;
		};
		996AE9EBE27E2EEB70873F82 = {
			isa = PBXBuildFile;
			fileRef = 78679DE331C452311AA4CAC8;
		};
		52F2EF961FC9249457F0880D = {
			isa = PBXBuildFile;
			fileRef = 7A9A2AEE86B669B144FB36EC;
		};
		83EF979D1781A5EF82B5BD9E = {
			isa = PBXBuildFile;
			fileRef = 6C01ED1A8C934928FDFE8CAC;
		};
		2B26137D005C5D6D3B2448F8 = {
			isa = PBXBuildFile;
			fileRef = 59D5D7E803704620DF7A6B53;
		};
		2D0DB644B0BB74F7B0CDA569 = {
			isa = PBXBuildFile;
			fileRef = D355A235A25D9C3A8E47B784;
		};
		842DE34A6111CCAA5536C6DB = {
			isa = PBXBuildFile;
			fileRef = 4D80C70FE64AC21E71345CBF;
		};
		DDDF5B70A8E670D6DC36BF19 = {
			isa = PBXBuildFile;
			fileRef = 7F73BF8E5B1F5F8F02F2A45A;
		};
		7636AA00FE96C5DB98FE4D34 = {
			isa = PBXBuildFile;
			fileRef = 6D5752DF004341801CF81C54;
		};
		663243235BB1DA5A2FA2EDA4 = {
			isa = PBXBuildFile;
			fileRef = FF093AB056E0CB0519BF3DF1;
		};
		4CA0CB5F2702E554CA152C4D = {
			isa = PBXBuildFile;
			fileRef = 34DF47F2CC17957A833AABA8;
		};
		BB3FCB335F62FF68F26F48CD = {
			isa = PBXBuildFile;
			fileRef = FF5CFF431DA24EF87E638F6F;
		};
		14FAA3606E5D7950468E4556 = {
			isa = PBXBuildFile;
			fileRef = 7466AFFF72D416B60D00CA10;
		};
		36A7FE862165CECCC85C81C4 = {
			isa = PBXBuildFile;
			fileRef = B45585CC5A33E9849ED9E1A4;
		};
		54A4388376A46476568DA001 = {
			isa = PBXBuildFile;
			fileRef = EEB479F30005B14197A3453B;
		};
		CEE59AB37B617682EAB6EBA0 = {
			isa = PBXBuildFile;
			fileRef = 2B889B829D69963F36F00FD9;
		};
		AFE8770FDFDDDFA187DD1C0F = {
			isa = PBXBuildFile;
			fileRef = 94EC7835C640FD3742B0DFA8;
		};
		E8951BF2E9F6A983AAD11591 = {
			isa = PBXBuildFile;
			fileRef = 282429D9DB7CE86BEFDF803D;
		};
		7CDB4409091A410ACB066585 = {
			isa = PBXBuildFile;
			fileRef = F7FC5EDD5F787372CEF4B159;
		};
		541D82CBEF597A2413DF36A6 = {
			isa = PBXBuildFile;
			fileRef = 79431E1B011601CB1021B7DE;
		};
		C6657F7458109A82D247B9C6 = {
			isa = PBXBuildFile;
			fileRef = 75289DD0283F24247C6E17CD;
		};
		EE8467BEDEFA39695E20F5EE = {
			isa = PBXBuildFile;
			fileRef = 928746F413A5BBEB853E8357;
		};
		830CEE9F8BD320A4520A4D77 = {
			isa = PBXBuildFile;
			fileRef = 4F68A3C5046BF6C53CF49581;
		};
		09BB1F1AEC8CF459408ACEF7 = {
			isa = PBXBuildFile;
			fileRef = 056A0BBC548E4A7E8AFCD6DA;
		};
		369DEE42ADCC21CC070840AC = {
			isa = PBXBuildFile;
			fileRef = EC8B9668B4E045F3E5B31A96;
		};
		DEBDEC9831595D0A4A64AE0A = {
			isa = PBXBuildFile;
			fileRef = 27A5481A69C8DAB38435EC4B;
		};
		578C5EC08047EBFCEEB95ABF = {
			isa = PBXBuildFile;
			fileRef = 606795D190335A8A8BE5D5A9;
		};
		BF003E5B5A0891E985432490 = {
			isa = PBXBuildFile;
			fileRef = 96CED0A2E5ECCE76BA5A486D;
		};
		95ED77AB18E7E41785E8867F = {
			isa = PBXBuildFile;
			fileRef = 93DAB39F21253F255716A42E;
		};
		3EEA3BBD7052B7F5E58EF779 = {
			isa = PBXBuildFile;
			fileRef = BF67BEA99F22965729FC9A33;
		};
		EDDB50B587C119B79B16C277 = {
			isa = PBXBuildFile;
			fileRef = FD9B1F2616A0EE09615FD08F;
		};
		BF8CA60D6A06500B63C79E2E = {
			isa = PBXBuildFile;
			fileRef = 8ED6F200DA9B5A02607FE503;
		};
		D276F605AEC36C6433DD50CB = {
			isa = PBXBuildFile;
			fileRef = 4EDBF2BBF33DFC7AA069E5D2;
		};
		0CB1C7E5162F7005FB3909DB = {
			isa = PBXBuildFile;
			fileRef = 4DBDCB854BFE05889BA67B8B;
		};
		BF5790A990702D96123FAD64 = {
			isa = PBXBuildFile;
			fileRef = A6C95871F84DB7D37B33C5BF;
		};
		5668722EE764E211634DCE0A = {
			isa = PBXBuildFile;
			fileRef = BBC6838611F8EFBA6ACC504A;
		};
		12B7FEA90B9ECD328D6484AF = {
			isa = PBXBuildFile;
			fileRef = 575FF5EB3880809B7EDF1DFA;
		};
		056A0BBC548E4A7E8AFCD6DA = {
			isa = PBXFileReference;
			lastKnownFileType = sourcecode.cpp.cpp;
			name = "include_juce_audio_plugin_client_Standalone.cpp";
			path = "../../JuceLibraryCode/include_juce_audio_plugin_client_Standalone.cpp";
			sourceTree = "SOURCE_ROOT";
		};
		14A511A5C8B7937266C5D252 = {
			isa = PBXFileReference;
			lastKnownFileType = file;
			name = "juce_cryptography";
			path = "/Users/jkilgore/Projects/JUCE/modules/juce_cryptography";
			sourceTree = "<absolute>";
		};
		175A411BC705E0BC1D7D7EB9 = {
			isa = PBXFileReference;
			lastKnownFileType = file;
			name = "juce_gui_extra";
			path = "/Users/jkilgore/Projects/JUCE/modules/juce_gui_extra";
			sourceTree = "<absolute>";
		};
		27A5481A69C8DAB38435EC4B = {
			isa = PBXFileReference;
			lastKnownFileType = sourcecode.cpp.objcpp;
			name = "include_juce_audio_plugin_client_VST_utils.mm";
			path = "../../JuceLibraryCode/include_juce_audio_plugin_client_VST_utils.mm";
			sourceTree = "SOURCE_ROOT";
		};
		282429D9DB7CE86BEFDF803D = {
			isa = PBXFileReference;
			lastKnownFileType = sourcecode.cpp.objcpp;
			name = "include_juce_audio_basics.mm";
			path = "../../JuceLibraryCode/include_juce_audio_basics.mm";
			sourceTree = "SOURCE_ROOT";
		};
		29162E3194828E0D4E9048A1 = {
			isa = PBXFileReference;
			lastKnownFileType = file;
			name = "juce_audio_devices";
			path = "/Users/jkilgore/Projects/JUCE/modules/juce_audio_devices";
			sourceTree = "<absolute>";
		};
		2B889B829D69963F36F00FD9 = {
			isa = PBXFileReference;
			lastKnownFileType = sourcecode.cpp.cpp;
			name = PluginProcessor.cpp;
			path = ../../Source/PluginProcessor.cpp;
			sourceTree = "SOURCE_ROOT";
		};
		3060BFFA6C7A447FD4D7DA9F = {
			isa = PBXFileReference;
			lastKnownFileType = text.plist.xml;
			name = fmPlugIn.entitlements;
			path = fmPlugIn.entitlements;
			sourceTree = "SOURCE_ROOT";
		};
		34DF47F2CC17957A833AABA8 = {
			isa = PBXFileReference;
			lastKnownFileType = wrapper.framework;
			name = IOKit.framework;
			path = System/Library/Frameworks/IOKit.framework;
			sourceTree = SDKROOT;
		};
		34E7A5322FE2D41D40239D9C = {
			isa = PBXFileReference;
			explicitFileType = wrapper.cfbundle;
			includeInIndex = 0;
			path = fmPlugIn.vst3;
			sourceTree = "BUILT_PRODUCTS_DIR";
		};
		387C92ECDEFBF81A42499077 = {
			isa = PBXFileReference;
			lastKnownFileType = file;
			name = "juce_gui_basics";
			path = "/Users/jkilgore/Projects/JUCE/modules/juce_gui_basics";
			sourceTree = "<absolute>";
		};
		3F290844C1828E3367E1FF18 = {
			isa = PBXFileReference;
			lastKnownFileType = file;
			name = "juce_audio_basics";
			path = "/Users/jkilgore/Projects/JUCE/modules/juce_audio_basics";
			sourceTree = "<absolute>";
		};
		4D80C70FE64AC21E71345CBF = {
			isa = PBXFileReference;
			lastKnownFileType = wrapper.framework;
			name = CoreAudio.framework;
			path = System/Library/Frameworks/CoreAudio.framework;
			sourceTree = SDKROOT;
		};
		4DBDCB854BFE05889BA67B8B = {
			isa = PBXFileReference;
			lastKnownFileType = sourcecode.cpp.objcpp;
			name = "include_juce_graphics.mm";
			path = "../../JuceLibraryCode/include_juce_graphics.mm";
			sourceTree = "SOURCE_ROOT";
		};
		4DE42058C13445084931BD24 = {
			isa = PBXFileReference;
			lastKnownFileType = file;
			name = "juce_data_structures";
			path = "/Users/jkilgore/Projects/JUCE/modules/juce_data_structures";
			sourceTree = "<absolute>";
		};
		4EDBF2BBF33DFC7AA069E5D2 = {
			isa = PBXFileReference;
			lastKnownFileType = sourcecode.cpp.objcpp;
			name = "include_juce_events.mm";
			path = "../../JuceLibraryCode/include_juce_events.mm";
			sourceTree = "SOURCE_ROOT";
		};
		4F68A3C5046BF6C53CF49581 = {
			isa = PBXFileReference;
			lastKnownFileType = sourcecode.cpp.objcpp;
			name = "include_juce_audio_plugin_client_AU_2.mm";
			path = "../../JuceLibraryCode/include_juce_audio_plugin_client_AU_2.mm";
			sourceTree = "SOURCE_ROOT";
		};
		51A163AA2A7AEDC507FB40E6 = {
			isa = PBXFileReference;
			lastKnownFileType = file;
			name = "juce_audio_processors";
			path = "/Users/jkilgore/Projects/JUCE/modules/juce_audio_processors";
			sourceTree = "<absolute>";
		};
		51F8A47707FB921E1AB85DE0 = {
			isa = PBXFileReference;
			lastKnownFileType = text.plist.xml;
			name = "Info-VST3.plist";
			path = "Info-VST3.plist";
			sourceTree = "SOURCE_ROOT";
		};
		5446D5007939AD104CC663A6 = {
			isa = PBXFileReference;
			lastKnownFileType = file;
			name = "juce_core";
			path = "/Users/jkilgore/Projects/JUCE/modules/juce_core";
			sourceTree = "<absolute>";
		};
		575FF5EB3880809B7EDF1DFA = {
			isa = PBXFileReference;
			lastKnownFileType = sourcecode.cpp.objcpp;
			name = "include_juce_opengl.mm";
			path = "../../JuceLibraryCode/include_juce_opengl.mm";
			sourceTree = "SOURCE_ROOT";
		};
		59388F84F00AAC6CA4229C66 = {
			isa = PBXFileReference;
			lastKnownFileType = sourcecode.c.h;
			name = PluginEditor.h;
			path = ../../Source/PluginEditor.h;
			sourceTree = "SOURCE_ROOT";
		};
		59D5D7E803704620DF7A6B53 = {
			isa = PBXFileReference;
			lastKnownFileType = wrapper.framework;
			name = Carbon.framework;
			path = System/Library/Frameworks/Carbon.framework;
			sourceTree = SDKROOT;
		};
		606795D190335A8A8BE5D5A9 = {
			isa = PBXFileReference;
			lastKnownFileType = sourcecode.cpp.cpp;
			name = "include_juce_audio_plugin_client_VST3.cpp";
			path = "../../JuceLibraryCode/include_juce_audio_plugin_client_VST3.cpp";
			sourceTree = "SOURCE_ROOT";
		};
		6340231F05740CD640AF53F3 = {
			isa = PBXFileReference;
			lastKnownFileType = sourcecode.c.h;
			name = PluginProcessor.h;
			path = ../../Source/PluginProcessor.h;
			sourceTree = "SOURCE_ROOT";
		};
		6514BF915DD1946AF2E20913 = {
			isa = PBXFileReference;
			lastKnownFileType = text.plist.xml;
			name = "Info-AU.plist";
			path = "Info-AU.plist";
			sourceTree = "SOURCE_ROOT";
		};
		6C01ED1A8C934928FDFE8CAC = {
			isa = PBXFileReference;
			lastKnownFileType = wrapper.framework;
			name = AudioUnit.framework;
			path = System/Library/Frameworks/AudioUnit.framework;
			sourceTree = SDKROOT;
		};
		6D5752DF004341801CF81C54 = {
			isa = PBXFileReference;
			lastKnownFileType = wrapper.framework;
			name = CoreMIDI.framework;
			path = System/Library/Frameworks/CoreMIDI.framework;
			sourceTree = SDKROOT;
		};
		6FAB00D0C9C5582CC832A0FC = {
			isa = PBXFileReference;
			lastKnownFileType = file;
			name = "juce_audio_formats";
			path = "/Users/jkilgore/Projects/JUCE/modules/juce_audio_formats";
			sourceTree = "<absolute>";
		};
		7466AFFF72D416B60D00CA10 = {
			isa = PBXFileReference;
			lastKnownFileType = wrapper.framework;
			name = QuartzCore.framework;
			path = System/Library/Frameworks/QuartzCore.framework;
			sourceTree = SDKROOT;
		};
		75289DD0283F24247C6E17CD = {
			isa = PBXFileReference;
			lastKnownFileType = file.r;
			name = "include_juce_audio_plugin_client_AU.r";
			path = "../../JuceLibraryCode/include_juce_audio_plugin_client_AU.r";
			sourceTree = "SOURCE_ROOT";
		};
		78679DE331C452311AA4CAC8 = {
			isa = PBXFileReference;
			lastKnownFileType = wrapper.framework;
			name = Accelerate.framework;
			path = System/Library/Frameworks/Accelerate.framework;
			sourceTree = SDKROOT;
		};
		79431E1B011601CB1021B7DE = {
			isa = PBXFileReference;
			lastKnownFileType = sourcecode.cpp.objcpp;
			name = "include_juce_audio_formats.mm";
			path = "../../JuceLibraryCode/include_juce_audio_formats.mm";
			sourceTree = "SOURCE_ROOT";
		};
		7A9A2AEE86B669B144FB36EC = {
			isa = PBXFileReference;
			lastKnownFileType = wrapper.framework;
			name = AudioToolbox.framework;
			path = System/Library/Frameworks/AudioToolbox.framework;
			sourceTree = SDKROOT;
		};
		7F73BF8E5B1F5F8F02F2A45A = {
			isa = PBXFileReference;
			lastKnownFileType = wrapper.framework;
			name = CoreAudioKit.framework;
			path = System/Library/Frameworks/CoreAudioKit.framework;
			sourceTree = SDKROOT;
		};
		834893B2D0045FBC14A82852 = {
			isa = PBXFileReference;
			lastKnownFileType = text.plist.xml;
			name = "Info-Standalone_Plugin.plist";
			path = "Info-Standalone_Plugin.plist";
			sourceTree = "SOURCE_ROOT";
		};
		8ED6F200DA9B5A02607FE503 = {
			isa = PBXFileReference;
			lastKnownFileType = sourcecode.cpp.objcpp;
			name = "include_juce_data_structures.mm";
			path = "../../JuceLibraryCode/include_juce_data_structures.mm";
			sourceTree = "SOURCE_ROOT";
		};
		928746F413A5BBEB853E8357 = {
			isa = PBXFileReference;
			lastKnownFileType = sourcecode.cpp.objcpp;
			name = "include_juce_audio_plugin_client_AU_1.mm";
			path = "../../JuceLibraryCode/include_juce_audio_plugin_client_AU_1.mm";
			sourceTree = "SOURCE_ROOT";
		};
		93DAB39F21253F255716A42E = {
			isa = PBXFileReference;
			lastKnownFileType = sourcecode.cpp.objcpp;
			name = "include_juce_audio_utils.mm";
			path = "../../JuceLibraryCode/include_juce_audio_utils.mm";
			sourceTree = "SOURCE_ROOT";
		};
		94EC7835C640FD3742B0DFA8 = {
			isa = PBXFileReference;
			lastKnownFileType = sourcecode.cpp.cpp;
			name = PluginEditor.cpp;
			path = ../../Source/PluginEditor.cpp;
			sourceTree = "SOURCE_ROOT";
		};
		96CED0A2E5ECCE76BA5A486D = {
			isa = PBXFileReference;
			lastKnownFileType = sourcecode.cpp.objcpp;
			name = "include_juce_audio_processors.mm";
			path = "../../JuceLibraryCode/include_juce_audio_processors.mm";
			sourceTree = "SOURCE_ROOT";
		};
		A6242004D06F7DBBEFD92F12 = {
			isa = PBXFileReference;
			lastKnownFileType = file;
			name = "juce_events";
			path = "/Users/jkilgore/Projects/JUCE/modules/juce_events";
			sourceTree = "<absolute>";
		};
		A6C95871F84DB7D37B33C5BF = {
			isa = PBXFileReference;
			lastKnownFileType = sourcecode.cpp.objcpp;
			name = "include_juce_gui_basics.mm";
			path = "../../JuceLibraryCode/include_juce_gui_basics.mm";
			sourceTree = "SOURCE_ROOT";
		};
		AE83C1CDFC691C3DF98BE7D1 = {
			isa = PBXFileReference;
			lastKnownFileType = file;
			name = "juce_audio_utils";
			path = "/Users/jkilgore/Projects/JUCE/modules/juce_audio_utils";
			sourceTree = "<absolute>";
		};
		B45CAEC9ED369C1E6FA7832F = {
			isa = PBXFileReference;
			lastKnownFileType = file;
			name = "juce_audio_plugin_client";
			path = "/Users/jkilgore/Projects/JUCE/modules/juce_audio_plugin_client";
			sourceTree = "<absolute>";
		};
		BBC6838611F8EFBA6ACC504A = {
			isa = PBXFileReference;
			lastKnownFileType = sourcecode.cpp.objcpp;
			name = "include_juce_gui_extra.mm";
			path = "../../JuceLibraryCode/include_juce_gui_extra.mm";
			sourceTree = "SOURCE_ROOT";
		};
		BF67BEA99F22965729FC9A33 = {
			isa = PBXFileReference;
			lastKnownFileType = sourcecode.cpp.objcpp;
			name = "include_juce_core.mm";
			path = "../../JuceLibraryCode/include_juce_core.mm";
			sourceTree = "SOURCE_ROOT";
		};
		C82A56EED82429E0D35017CE = {
			isa = PBXFileReference;
			lastKnownFileType = sourcecode.c.h;
			name = AppConfig.h;
			path = ../../JuceLibraryCode/AppConfig.h;
			sourceTree = "SOURCE_ROOT";
		};
		F64D1E4FE8B636E1A1845ACB = {
			isa = PBXFileReference;
			explicitFileType = wrapper.cfbundle;
			includeInIndex = 0;
			path = fmPlugIn.component;
			sourceTree = "BUILT_PRODUCTS_DIR";
		};
		D3018ED572398DE9592E641E = {
			isa = PBXFileReference;
			explicitFileType = wrapper.application;
			includeInIndex = 0;
			path = fmPlugIn.app;
			sourceTree = "BUILT_PRODUCTS_DIR";
		};
		AD02C199297B3352BA5826EC = {
			isa = PBXFileReference;
			explicitFileType = archive.ar;
			includeInIndex = 0;
			path = libfmPlugIn.a;
			sourceTree = "BUILT_PRODUCTS_DIR";
		};
		B45585CC5A33E9849ED9E1A4 = {
			isa = PBXFileReference;
			lastKnownFileType = wrapper.framework;
			name = WebKit.framework;
			path = System/Library/Frameworks/WebKit.framework;
			sourceTree = SDKROOT;
		};
		CDD9BCE88E759CB606D0A8F5 = {
			isa = PBXFileReference;
			lastKnownFileType = file;
			name = "juce_graphics";
			path = "/Users/jkilgore/Projects/JUCE/modules/juce_graphics";
			sourceTree = "<absolute>";
		};
		D355A235A25D9C3A8E47B784 = {
			isa = PBXFileReference;
			lastKnownFileType = wrapper.framework;
			name = Cocoa.framework;
			path = System/Library/Frameworks/Cocoa.framework;
			sourceTree = SDKROOT;
		};
		DC11CF92A5B25431989DF84C = {
			isa = PBXFileReference;
			lastKnownFileType = sourcecode.c.h;
			name = JuceHeader.h;
			path = ../../JuceLibraryCode/JuceHeader.h;
			sourceTree = "SOURCE_ROOT";
		};
		E58D91A2FE8CC7E7A6249589 = {
			isa = PBXFileReference;
			lastKnownFileType = file;
			name = "juce_opengl";
			path = "/Users/jkilgore/Projects/JUCE/modules/juce_opengl";
			sourceTree = "<absolute>";
		};
		EC8B9668B4E045F3E5B31A96 = {
			isa = PBXFileReference;
			lastKnownFileType = sourcecode.cpp.cpp;
			name = "include_juce_audio_plugin_client_utils.cpp";
			path = "../../JuceLibraryCode/include_juce_audio_plugin_client_utils.cpp";
			sourceTree = "SOURCE_ROOT";
		};
		EEB479F30005B14197A3453B = {
			isa = PBXFileReference;
			lastKnownFileType = file.nib;
			name = RecentFilesMenuTemplate.nib;
			path = RecentFilesMenuTemplate.nib;
			sourceTree = "SOURCE_ROOT";
		};
		F7FC5EDD5F787372CEF4B159 = {
			isa = PBXFileReference;
			lastKnownFileType = sourcecode.cpp.objcpp;
			name = "include_juce_audio_devices.mm";
			path = "../../JuceLibraryCode/include_juce_audio_devices.mm";
			sourceTree = "SOURCE_ROOT";
		};
		FD9B1F2616A0EE09615FD08F = {
			isa = PBXFileReference;
			lastKnownFileType = sourcecode.cpp.objcpp;
			name = "include_juce_cryptography.mm";
			path = "../../JuceLibraryCode/include_juce_cryptography.mm";
			sourceTree = "SOURCE_ROOT";
		};
		FF093AB056E0CB0519BF3DF1 = {
			isa = PBXFileReference;
			lastKnownFileType = wrapper.framework;
			name = DiscRecording.framework;
			path = System/Library/Frameworks/DiscRecording.framework;
			sourceTree = SDKROOT;
		};
		FF5CFF431DA24EF87E638F6F = {
			isa = PBXFileReference;
			lastKnownFileType = wrapper.framework;
			name = OpenGL.framework;
			path = System/Library/Frameworks/OpenGL.framework;
			sourceTree = SDKROOT;
		};
		079B4D751FD5B156F1A84C09 = {
			isa = PBXGroup;
			children = (
				2B889B829D69963F36F00FD9,
				6340231F05740CD640AF53F3,
				94EC7835C640FD3742B0DFA8,
				59388F84F00AAC6CA4229C66,
			);
			name = Source;
			sourceTree = "<group>";
		};
		84713A46BE6029515243304B = {
			isa = PBXGroup;
			children = (
				079B4D751FD5B156F1A84C09,
			);
			name = fmPlugIn;
			sourceTree = "<group>";
		};
		842687D3EE6E89F4849CD9E5 = {
			isa = PBXGroup;
			children = (
				3F290844C1828E3367E1FF18,
				29162E3194828E0D4E9048A1,
				6FAB00D0C9C5582CC832A0FC,
				B45CAEC9ED369C1E6FA7832F,
				51A163AA2A7AEDC507FB40E6,
				AE83C1CDFC691C3DF98BE7D1,
				5446D5007939AD104CC663A6,
				14A511A5C8B7937266C5D252,
				4DE42058C13445084931BD24,
				A6242004D06F7DBBEFD92F12,
				CDD9BCE88E759CB606D0A8F5,
				387C92ECDEFBF81A42499077,
				175A411BC705E0BC1D7D7EB9,
				E58D91A2FE8CC7E7A6249589,
			);
			name = "JUCE Modules";
			sourceTree = "<group>";
		};
		93028A67572B956D74A9FC17 = {
			isa = PBXGroup;
			children = (
				C82A56EED82429E0D35017CE,
				282429D9DB7CE86BEFDF803D,
				F7FC5EDD5F787372CEF4B159,
				79431E1B011601CB1021B7DE,
				75289DD0283F24247C6E17CD,
				928746F413A5BBEB853E8357,
				4F68A3C5046BF6C53CF49581,
				056A0BBC548E4A7E8AFCD6DA,
				EC8B9668B4E045F3E5B31A96,
				27A5481A69C8DAB38435EC4B,
				606795D190335A8A8BE5D5A9,
				96CED0A2E5ECCE76BA5A486D,
				93DAB39F21253F255716A42E,
				BF67BEA99F22965729FC9A33,
				FD9B1F2616A0EE09615FD08F,
				8ED6F200DA9B5A02607FE503,
				4EDBF2BBF33DFC7AA069E5D2,
				4DBDCB854BFE05889BA67B8B,
				A6C95871F84DB7D37B33C5BF,
				BBC6838611F8EFBA6ACC504A,
				575FF5EB3880809B7EDF1DFA,
				DC11CF92A5B25431989DF84C,
			);
			name = "JUCE Library Code";
			sourceTree = "<group>";
		};
		5F6D610503442AEEE2788900 = {
			isa = PBXGroup;
			children = (
				51F8A47707FB921E1AB85DE0,
				6514BF915DD1946AF2E20913,
				834893B2D0045FBC14A82852,
				EEB479F30005B14197A3453B,
			);
			name = Resources;
			sourceTree = "<group>";
		};
		A5C64F8AF49DC50C26F99EAF = {
			isa = PBXGroup;
			children = (
				78679DE331C452311AA4CAC8,
				7A9A2AEE86B669B144FB36EC,
				6C01ED1A8C934928FDFE8CAC,
				59D5D7E803704620DF7A6B53,
				D355A235A25D9C3A8E47B784,
				4D80C70FE64AC21E71345CBF,
				7F73BF8E5B1F5F8F02F2A45A,
				6D5752DF004341801CF81C54,
				FF093AB056E0CB0519BF3DF1,
				34DF47F2CC17957A833AABA8,
				FF5CFF431DA24EF87E638F6F,
				7466AFFF72D416B60D00CA10,
				B45585CC5A33E9849ED9E1A4,
			);
			name = Frameworks;
			sourceTree = "<group>";
		};
		C801739A10C141CD0B832A0E = {
			isa = PBXGroup;
			children = (
				34E7A5322FE2D41D40239D9C,
				F64D1E4FE8B636E1A1845ACB,
				D3018ED572398DE9592E641E,
				AD02C199297B3352BA5826EC,
			);
			name = Products;
			sourceTree = "<group>";
		};
		5A0C429B12C5AA9998708AF5 = {
			isa = PBXGroup;
			children = (
				84713A46BE6029515243304B,
				842687D3EE6E89F4849CD9E5,
				93028A67572B956D74A9FC17,
				5F6D610503442AEEE2788900,
				A5C64F8AF49DC50C26F99EAF,
				C801739A10C141CD0B832A0E,
			);
			name = Source;
			sourceTree = "<group>";
		};
		E705BB92D75ABF0AEF647399 = {
			isa = XCBuildConfiguration;
			buildSettings = {
				MACOSX_DEPLOYMENT_TARGET = 10.11;
			};
			name = Debug;
		};
		5B4FA5B69204720EAAE149AF = {
			isa = XCBuildConfiguration;
			buildSettings = {
				MACOSX_DEPLOYMENT_TARGET = 10.11;
			};
			name = Release;
		};
		CF4935BDC6ABDB7BA948E7D0 = {
			isa = XCBuildConfiguration;
			buildSettings = {
				CLANG_CXX_LANGUAGE_STANDARD = "c++14";
				CLANG_CXX_LIBRARY = "libc++";
				CLANG_LINK_OBJC_RUNTIME = NO;
				CODE_SIGN_IDENTITY = "";
				COMBINE_HIDPI_IMAGES = YES;
				CONFIGURATION_BUILD_DIR = "$(PROJECT_DIR)/build/$(CONFIGURATION)";
				COPY_PHASE_STRIP = NO;
				DEPLOYMENT_LOCATION = YES;
				DSTROOT = /;
				GCC_DYNAMIC_NO_PIC = NO;
				GCC_OPTIMIZATION_LEVEL = 0;
				GCC_PREPROCESSOR_DEFINITIONS = (
					"_DEBUG=1",
					"DEBUG=1",
					"JUCER_XCODE_MAC_F6D2F4CF=1",
					"JUCE_APP_VERSION=1.0.0",
					"JUCE_APP_VERSION_HEX=0x10000",
					"JucePlugin_Build_VST=0",
					"JucePlugin_Build_VST3=1",
					"JucePlugin_Build_AU=0",
					"JucePlugin_Build_AUv3=0",
					"JucePlugin_Build_RTAS=0",
					"JucePlugin_Build_AAX=0",
					"JucePlugin_Build_Standalone=0",
					"JucePlugin_Build_Unity=0",
				);
				GCC_VERSION = com.apple.compilers.llvm.clang.1_0;
				GENERATE_PKGINFO_FILE = YES;
				HEADER_SEARCH_PATHS = (
					"/Users/jkilgore/Projects/JUCE/modules/juce_audio_processors/format_types/VST3_SDK",
					"../../JuceLibraryCode",
					"/Users/jkilgore/Projects/JUCE/modules",
					"/Users/jkilgore/Projects/JUCE/modules/juce_audio_plugin_client",
					"$(inherited)",
				);
				INFOPLIST_FILE = Info-VST3.plist;
				INFOPLIST_PREPROCESS = NO;
				INSTALL_PATH = "$(HOME)/Library/Audio/Plug-Ins/VST3/";
				LIBRARY_STYLE = Bundle;
				MACOSX_DEPLOYMENT_TARGET = 10.11;
				OTHER_LDFLAGS = "-bundle -lfmPlugIn";
				PRODUCT_BUNDLE_IDENTIFIER = com.yourcompany.fmPlugIn;
				PRODUCT_NAME = "fmPlugIn";
				USE_HEADERMAP = NO;
				WRAPPER_EXTENSION = vst3;
			};
			name = Debug;
		};
		F73A096A7B09199E5479DC2B = {
			isa = XCBuildConfiguration;
			buildSettings = {
				CLANG_CXX_LANGUAGE_STANDARD = "c++14";
				CLANG_CXX_LIBRARY = "libc++";
				CLANG_LINK_OBJC_RUNTIME = NO;
				CODE_SIGN_IDENTITY = "";
				COMBINE_HIDPI_IMAGES = YES;
				CONFIGURATION_BUILD_DIR = "$(PROJECT_DIR)/build/$(CONFIGURATION)";
				DEAD_CODE_STRIPPING = YES;
				DEPLOYMENT_LOCATION = YES;
				DSTROOT = /;
				GCC_GENERATE_DEBUGGING_SYMBOLS = NO;
				GCC_OPTIMIZATION_LEVEL = 3;
				GCC_PREPROCESSOR_DEFINITIONS = (
					"_NDEBUG=1",
					"NDEBUG=1",
					"JUCER_XCODE_MAC_F6D2F4CF=1",
					"JUCE_APP_VERSION=1.0.0",
					"JUCE_APP_VERSION_HEX=0x10000",
					"JucePlugin_Build_VST=0",
					"JucePlugin_Build_VST3=1",
					"JucePlugin_Build_AU=0",
					"JucePlugin_Build_AUv3=0",
					"JucePlugin_Build_RTAS=0",
					"JucePlugin_Build_AAX=0",
					"JucePlugin_Build_Standalone=0",
					"JucePlugin_Build_Unity=0",
				);
				GCC_SYMBOLS_PRIVATE_EXTERN = YES;
				GCC_VERSION = com.apple.compilers.llvm.clang.1_0;
				GENERATE_PKGINFO_FILE = YES;
				HEADER_SEARCH_PATHS = (
					"/Users/jkilgore/Projects/JUCE/modules/juce_audio_processors/format_types/VST3_SDK",
					"../../JuceLibraryCode",
					"/Users/jkilgore/Projects/JUCE/modules",
					"/Users/jkilgore/Projects/JUCE/modules/juce_audio_plugin_client",
					"$(inherited)",
				);
				INFOPLIST_FILE = Info-VST3.plist;
				INFOPLIST_PREPROCESS = NO;
				INSTALL_PATH = "$(HOME)/Library/Audio/Plug-Ins/VST3/";
				LIBRARY_STYLE = Bundle;
				LLVM_LTO = YES;
				MACOSX_DEPLOYMENT_TARGET = 10.11;
				OTHER_LDFLAGS = "-bundle -lfmPlugIn";
				PRODUCT_BUNDLE_IDENTIFIER = com.yourcompany.fmPlugIn;
				PRODUCT_NAME = "fmPlugIn";
				USE_HEADERMAP = NO;
				WRAPPER_EXTENSION = vst3;
			};
			name = Release;
		};
		DA0AAAE37633F23984DD8D6A = {
			isa = XCBuildConfiguration;
			buildSettings = {
				CLANG_CXX_LANGUAGE_STANDARD = "c++14";
				CLANG_CXX_LIBRARY = "libc++";
				CLANG_LINK_OBJC_RUNTIME = NO;
				CODE_SIGN_IDENTITY = "";
				COMBINE_HIDPI_IMAGES = YES;
				CONFIGURATION_BUILD_DIR = "$(PROJECT_DIR)/build/$(CONFIGURATION)";
				COPY_PHASE_STRIP = NO;
				DEPLOYMENT_LOCATION = YES;
				DSTROOT = /;
				GCC_DYNAMIC_NO_PIC = NO;
				GCC_OPTIMIZATION_LEVEL = 0;
				GCC_PREPROCESSOR_DEFINITIONS = (
					"_DEBUG=1",
					"DEBUG=1",
					"JUCER_XCODE_MAC_F6D2F4CF=1",
					"JUCE_APP_VERSION=1.0.0",
					"JUCE_APP_VERSION_HEX=0x10000",
					"JucePlugin_Build_VST=0",
					"JucePlugin_Build_VST3=0",
					"JucePlugin_Build_AU=1",
					"JucePlugin_Build_AUv3=0",
					"JucePlugin_Build_RTAS=0",
					"JucePlugin_Build_AAX=0",
					"JucePlugin_Build_Standalone=0",
					"JucePlugin_Build_Unity=0",
				);
				GCC_VERSION = com.apple.compilers.llvm.clang.1_0;
				GENERATE_PKGINFO_FILE = YES;
				HEADER_SEARCH_PATHS = (
					"/Users/jkilgore/Projects/JUCE/modules/juce_audio_processors/format_types/VST3_SDK",
					"../../JuceLibraryCode",
					"/Users/jkilgore/Projects/JUCE/modules",
					"/Users/jkilgore/Projects/JUCE/modules/juce_audio_plugin_client",
					"$(inherited)",
				);
				INFOPLIST_FILE = Info-AU.plist;
				INFOPLIST_PREPROCESS = NO;
				INSTALL_PATH = "$(HOME)/Library/Audio/Plug-Ins/Components/";
				LIBRARY_STYLE = Bundle;
				MACOSX_DEPLOYMENT_TARGET = 10.11;
				OTHER_LDFLAGS = "-bundle -lfmPlugIn";
				OTHER_REZFLAGS = "-d ppc_$ppc -d i386_$i386 -d ppc64_$ppc64 -d x86_64_$x86_64 -I /System/Library/Frameworks/CoreServices.framework/Frameworks/CarbonCore.framework/Versions/A/Headers -I \"$(DEVELOPER_DIR)/Extras/CoreAudio/AudioUnits/AUPublic/AUBase\" -I \"$(DEVELOPER_DIR)/Platforms/MacOSX.platform/Developer/SDKs/MacOSX.sdk/System/Library/Frameworks/AudioUnit.framework/Headers\"";
				PRODUCT_BUNDLE_IDENTIFIER = com.yourcompany.fmPlugIn;
				PRODUCT_NAME = "fmPlugIn";
				USE_HEADERMAP = NO;
				WRAPPER_EXTENSION = component;
			};
			name = Debug;
		};
		AD8F6D7ED90A5C4EA1BBF0A2 = {
			isa = XCBuildConfiguration;
			buildSettings = {
				CLANG_CXX_LANGUAGE_STANDARD = "c++14";
				CLANG_CXX_LIBRARY = "libc++";
				CLANG_LINK_OBJC_RUNTIME = NO;
				CODE_SIGN_IDENTITY = "";
				COMBINE_HIDPI_IMAGES = YES;
				CONFIGURATION_BUILD_DIR = "$(PROJECT_DIR)/build/$(CONFIGURATION)";
				DEAD_CODE_STRIPPING = YES;
				DEPLOYMENT_LOCATION = YES;
				DSTROOT = /;
				GCC_GENERATE_DEBUGGING_SYMBOLS = NO;
				GCC_OPTIMIZATION_LEVEL = 3;
				GCC_PREPROCESSOR_DEFINITIONS = (
					"_NDEBUG=1",
					"NDEBUG=1",
					"JUCER_XCODE_MAC_F6D2F4CF=1",
					"JUCE_APP_VERSION=1.0.0",
					"JUCE_APP_VERSION_HEX=0x10000",
					"JucePlugin_Build_VST=0",
					"JucePlugin_Build_VST3=0",
					"JucePlugin_Build_AU=1",
					"JucePlugin_Build_AUv3=0",
					"JucePlugin_Build_RTAS=0",
					"JucePlugin_Build_AAX=0",
					"JucePlugin_Build_Standalone=0",
					"JucePlugin_Build_Unity=0",
				);
				GCC_SYMBOLS_PRIVATE_EXTERN = YES;
				GCC_VERSION = com.apple.compilers.llvm.clang.1_0;
				GENERATE_PKGINFO_FILE = YES;
				HEADER_SEARCH_PATHS = (
					"/Users/jkilgore/Projects/JUCE/modules/juce_audio_processors/format_types/VST3_SDK",
					"../../JuceLibraryCode",
					"/Users/jkilgore/Projects/JUCE/modules",
					"/Users/jkilgore/Projects/JUCE/modules/juce_audio_plugin_client",
					"$(inherited)",
				);
				INFOPLIST_FILE = Info-AU.plist;
				INFOPLIST_PREPROCESS = NO;
				INSTALL_PATH = "$(HOME)/Library/Audio/Plug-Ins/Components/";
				LIBRARY_STYLE = Bundle;
				LLVM_LTO = YES;
				MACOSX_DEPLOYMENT_TARGET = 10.11;
				OTHER_LDFLAGS = "-bundle -lfmPlugIn";
				OTHER_REZFLAGS = "-d ppc_$ppc -d i386_$i386 -d ppc64_$ppc64 -d x86_64_$x86_64 -I /System/Library/Frameworks/CoreServices.framework/Frameworks/CarbonCore.framework/Versions/A/Headers -I \"$(DEVELOPER_DIR)/Extras/CoreAudio/AudioUnits/AUPublic/AUBase\" -I \"$(DEVELOPER_DIR)/Platforms/MacOSX.platform/Developer/SDKs/MacOSX.sdk/System/Library/Frameworks/AudioUnit.framework/Headers\"";
				PRODUCT_BUNDLE_IDENTIFIER = com.yourcompany.fmPlugIn;
				PRODUCT_NAME = "fmPlugIn";
				USE_HEADERMAP = NO;
				WRAPPER_EXTENSION = component;
			};
			name = Release;
		};
		0108B10409A50802A9E9AA6E = {
			isa = XCBuildConfiguration;
			buildSettings = {
				CLANG_CXX_LANGUAGE_STANDARD = "c++14";
				CLANG_CXX_LIBRARY = "libc++";
				CLANG_LINK_OBJC_RUNTIME = NO;
				CODE_SIGN_IDENTITY = "";
				COMBINE_HIDPI_IMAGES = YES;
				CONFIGURATION_BUILD_DIR = "$(PROJECT_DIR)/build/$(CONFIGURATION)";
				COPY_PHASE_STRIP = NO;
				GCC_DYNAMIC_NO_PIC = NO;
				GCC_OPTIMIZATION_LEVEL = 0;
				GCC_PREPROCESSOR_DEFINITIONS = (
					"_DEBUG=1",
					"DEBUG=1",
					"JUCER_XCODE_MAC_F6D2F4CF=1",
					"JUCE_APP_VERSION=1.0.0",
					"JUCE_APP_VERSION_HEX=0x10000",
					"JucePlugin_Build_VST=0",
					"JucePlugin_Build_VST3=0",
					"JucePlugin_Build_AU=0",
					"JucePlugin_Build_AUv3=0",
					"JucePlugin_Build_RTAS=0",
					"JucePlugin_Build_AAX=0",
					"JucePlugin_Build_Standalone=1",
					"JucePlugin_Build_Unity=0",
				);
				GCC_VERSION = com.apple.compilers.llvm.clang.1_0;
				HEADER_SEARCH_PATHS = (
					"/Users/jkilgore/Projects/JUCE/modules/juce_audio_processors/format_types/VST3_SDK",
					"../../JuceLibraryCode",
					"/Users/jkilgore/Projects/JUCE/modules",
					"/Users/jkilgore/Projects/JUCE/modules/juce_audio_plugin_client",
					"$(inherited)",
				);
				INFOPLIST_FILE = Info-Standalone_Plugin.plist;
				INFOPLIST_PREPROCESS = NO;
				MACOSX_DEPLOYMENT_TARGET = 10.11;
				OTHER_LDFLAGS = "-lfmPlugIn";
				PRODUCT_BUNDLE_IDENTIFIER = com.yourcompany.fmPlugIn;
				PRODUCT_NAME = "fmPlugIn";
				USE_HEADERMAP = NO;
			};
			name = Debug;
		};
		26FB823DDDF6B9BB7F17A787 = {
			isa = XCBuildConfiguration;
			buildSettings = {
				CLANG_CXX_LANGUAGE_STANDARD = "c++14";
				CLANG_CXX_LIBRARY = "libc++";
				CLANG_LINK_OBJC_RUNTIME = NO;
				CODE_SIGN_IDENTITY = "";
				COMBINE_HIDPI_IMAGES = YES;
				CONFIGURATION_BUILD_DIR = "$(PROJECT_DIR)/build/$(CONFIGURATION)";
				DEAD_CODE_STRIPPING = YES;
				GCC_GENERATE_DEBUGGING_SYMBOLS = NO;
				GCC_OPTIMIZATION_LEVEL = 3;
				GCC_PREPROCESSOR_DEFINITIONS = (
					"_NDEBUG=1",
					"NDEBUG=1",
					"JUCER_XCODE_MAC_F6D2F4CF=1",
					"JUCE_APP_VERSION=1.0.0",
					"JUCE_APP_VERSION_HEX=0x10000",
					"JucePlugin_Build_VST=0",
					"JucePlugin_Build_VST3=0",
					"JucePlugin_Build_AU=0",
					"JucePlugin_Build_AUv3=0",
					"JucePlugin_Build_RTAS=0",
					"JucePlugin_Build_AAX=0",
					"JucePlugin_Build_Standalone=1",
					"JucePlugin_Build_Unity=0",
				);
				GCC_SYMBOLS_PRIVATE_EXTERN = YES;
				GCC_VERSION = com.apple.compilers.llvm.clang.1_0;
				HEADER_SEARCH_PATHS = (
					"/Users/jkilgore/Projects/JUCE/modules/juce_audio_processors/format_types/VST3_SDK",
					"../../JuceLibraryCode",
					"/Users/jkilgore/Projects/JUCE/modules",
					"/Users/jkilgore/Projects/JUCE/modules/juce_audio_plugin_client",
					"$(inherited)",
				);
				INFOPLIST_FILE = Info-Standalone_Plugin.plist;
				INFOPLIST_PREPROCESS = NO;
				LLVM_LTO = YES;
				MACOSX_DEPLOYMENT_TARGET = 10.11;
				OTHER_LDFLAGS = "-lfmPlugIn";
				PRODUCT_BUNDLE_IDENTIFIER = com.yourcompany.fmPlugIn;
				PRODUCT_NAME = "fmPlugIn";
				USE_HEADERMAP = NO;
			};
			name = Release;
		};
		15009C427AC80CCC42A713FD = {
			isa = XCBuildConfiguration;
			buildSettings = {
				CLANG_CXX_LANGUAGE_STANDARD = "c++14";
				CLANG_CXX_LIBRARY = "libc++";
				CLANG_LINK_OBJC_RUNTIME = NO;
				CODE_SIGN_IDENTITY = "";
				COMBINE_HIDPI_IMAGES = YES;
				CONFIGURATION_BUILD_DIR = "$(PROJECT_DIR)/build/$(CONFIGURATION)";
				COPY_PHASE_STRIP = NO;
				GCC_DYNAMIC_NO_PIC = NO;
				GCC_OPTIMIZATION_LEVEL = 0;
				GCC_PREPROCESSOR_DEFINITIONS = (
					"_DEBUG=1",
					"DEBUG=1",
					"JUCER_XCODE_MAC_F6D2F4CF=1",
					"JUCE_APP_VERSION=1.0.0",
					"JUCE_APP_VERSION_HEX=0x10000",
					"JucePlugin_Build_VST=0",
					"JucePlugin_Build_VST3=1",
					"JucePlugin_Build_AU=1",
					"JucePlugin_Build_AUv3=0",
					"JucePlugin_Build_RTAS=0",
					"JucePlugin_Build_AAX=0",
					"JucePlugin_Build_Standalone=1",
					"JucePlugin_Build_Unity=0",
					"JUCE_SHARED_CODE=1",
				);
				GCC_VERSION = com.apple.compilers.llvm.clang.1_0;
				HEADER_SEARCH_PATHS = (
					"/Users/jkilgore/Projects/JUCE/modules/juce_audio_processors/format_types/VST3_SDK",
					"../../JuceLibraryCode",
					"/Users/jkilgore/Projects/JUCE/modules",
					"/Users/jkilgore/Projects/JUCE/modules/juce_audio_plugin_client",
					"$(inherited)",
				);
				INSTALL_PATH = "@executable_path/../Frameworks";
				MACOSX_DEPLOYMENT_TARGET = 10.11;
				PRODUCT_BUNDLE_IDENTIFIER = com.yourcompany.fmPlugIn;
				PRODUCT_NAME = "fmPlugIn";
				SKIP_INSTALL = YES;
				USE_HEADERMAP = NO;
			};
			name = Debug;
		};
		FF2E27E262591DD6FBE47919 = {
			isa = XCBuildConfiguration;
			buildSettings = {
				CLANG_CXX_LANGUAGE_STANDARD = "c++14";
				CLANG_CXX_LIBRARY = "libc++";
				CLANG_LINK_OBJC_RUNTIME = NO;
				CODE_SIGN_IDENTITY = "";
				COMBINE_HIDPI_IMAGES = YES;
				CONFIGURATION_BUILD_DIR = "$(PROJECT_DIR)/build/$(CONFIGURATION)";
				DEAD_CODE_STRIPPING = YES;
				GCC_GENERATE_DEBUGGING_SYMBOLS = NO;
				GCC_OPTIMIZATION_LEVEL = 3;
				GCC_PREPROCESSOR_DEFINITIONS = (
					"_NDEBUG=1",
					"NDEBUG=1",
					"JUCER_XCODE_MAC_F6D2F4CF=1",
					"JUCE_APP_VERSION=1.0.0",
					"JUCE_APP_VERSION_HEX=0x10000",
					"JucePlugin_Build_VST=0",
					"JucePlugin_Build_VST3=1",
					"JucePlugin_Build_AU=1",
					"JucePlugin_Build_AUv3=0",
					"JucePlugin_Build_RTAS=0",
					"JucePlugin_Build_AAX=0",
					"JucePlugin_Build_Standalone=1",
					"JucePlugin_Build_Unity=0",
					"JUCE_SHARED_CODE=1",
				);
				GCC_SYMBOLS_PRIVATE_EXTERN = YES;
				GCC_VERSION = com.apple.compilers.llvm.clang.1_0;
				HEADER_SEARCH_PATHS = (
					"/Users/jkilgore/Projects/JUCE/modules/juce_audio_processors/format_types/VST3_SDK",
					"../../JuceLibraryCode",
					"/Users/jkilgore/Projects/JUCE/modules",
					"/Users/jkilgore/Projects/JUCE/modules/juce_audio_plugin_client",
					"$(inherited)",
				);
				INSTALL_PATH = "@executable_path/../Frameworks";
				LLVM_LTO = YES;
				MACOSX_DEPLOYMENT_TARGET = 10.11;
				PRODUCT_BUNDLE_IDENTIFIER = com.yourcompany.fmPlugIn;
				PRODUCT_NAME = "fmPlugIn";
				SKIP_INSTALL = YES;
				USE_HEADERMAP = NO;
			};
			name = Release;
		};
		D15F70CD392080472C9CCE38 = {
			isa = XCBuildConfiguration;
			buildSettings = {
				ALWAYS_SEARCH_USER_PATHS = NO;
				CLANG_ENABLE_OBJC_WEAK = YES;
				CLANG_WARN_BLOCK_CAPTURE_AUTORELEASING = YES;
				CLANG_WARN_BOOL_CONVERSION = YES;
				CLANG_WARN_COMMA = YES;
				CLANG_WARN_CONSTANT_CONVERSION = YES;
				CLANG_WARN_DEPRECATED_OBJC_IMPLEMENTATIONS = YES;
				CLANG_WARN_EMPTY_BODY = YES;
				CLANG_WARN_ENUM_CONVERSION = YES;
				CLANG_WARN_INFINITE_RECURSION = YES;
				CLANG_WARN_INT_CONVERSION = YES;
				CLANG_WARN_NON_LITERAL_NULL_CONVERSION = YES;
				CLANG_WARN_OBJC_IMPLICIT_RETAIN_SELF = YES;
				CLANG_WARN_OBJC_LITERAL_CONVERSION = YES;
				CLANG_WARN_RANGE_LOOP_ANALYSIS = YES;
				CLANG_WARN_STRICT_PROTOTYPES = YES;
				CLANG_WARN_SUSPICIOUS_MOVE = YES;
				CLANG_WARN_UNREACHABLE_CODE = YES;
				CLANG_WARN__DUPLICATE_METHOD_MATCH = YES;
				CODE_SIGN_IDENTITY = "";
				DEBUG_INFORMATION_FORMAT = dwarf;
				ENABLE_STRICT_OBJC_MSGSEND = YES;
				ENABLE_TESTABILITY = YES;
				GCC_C_LANGUAGE_STANDARD = c11;
				GCC_INLINES_ARE_PRIVATE_EXTERN = YES;
				GCC_MODEL_TUNING = G5;
				GCC_NO_COMMON_BLOCKS = YES;
				GCC_WARN_64_TO_32_BIT_CONVERSION = YES;
				GCC_WARN_ABOUT_RETURN_TYPE = YES;
				GCC_WARN_CHECK_SWITCH_STATEMENTS = YES;
				GCC_WARN_MISSING_PARENTHESES = YES;
				GCC_WARN_NON_VIRTUAL_DESTRUCTOR = YES;
				GCC_WARN_TYPECHECK_CALLS_TO_PRINTF = YES;
				GCC_WARN_UNDECLARED_SELECTOR = YES;
				GCC_WARN_UNINITIALIZED_AUTOS = YES;
				GCC_WARN_UNUSED_FUNCTION = YES;
				GCC_WARN_UNUSED_VARIABLE = YES;
				ONLY_ACTIVE_ARCH = YES;
				PRODUCT_NAME = "fmPlugIn";
				WARNING_CFLAGS = "-Wreorder";
				ZERO_LINK = NO;
			};
			name = Debug;
		};
		B60415F331C1ACFED5AC0212 = {
			isa = XCBuildConfiguration;
			buildSettings = {
				ALWAYS_SEARCH_USER_PATHS = NO;
				CLANG_ENABLE_OBJC_WEAK = YES;
				CLANG_WARN_BLOCK_CAPTURE_AUTORELEASING = YES;
				CLANG_WARN_BOOL_CONVERSION = YES;
				CLANG_WARN_COMMA = YES;
				CLANG_WARN_CONSTANT_CONVERSION = YES;
				CLANG_WARN_DEPRECATED_OBJC_IMPLEMENTATIONS = YES;
				CLANG_WARN_EMPTY_BODY = YES;
				CLANG_WARN_ENUM_CONVERSION = YES;
				CLANG_WARN_INFINITE_RECURSION = YES;
				CLANG_WARN_INT_CONVERSION = YES;
				CLANG_WARN_NON_LITERAL_NULL_CONVERSION = YES;
				CLANG_WARN_OBJC_IMPLICIT_RETAIN_SELF = YES;
				CLANG_WARN_OBJC_LITERAL_CONVERSION = YES;
				CLANG_WARN_RANGE_LOOP_ANALYSIS = YES;
				CLANG_WARN_STRICT_PROTOTYPES = YES;
				CLANG_WARN_SUSPICIOUS_MOVE = YES;
				CLANG_WARN_UNREACHABLE_CODE = YES;
				CLANG_WARN__DUPLICATE_METHOD_MATCH = YES;
				CODE_SIGN_IDENTITY = "";
				DEBUG_INFORMATION_FORMAT = dwarf;
				ENABLE_STRICT_OBJC_MSGSEND = YES;
				GCC_C_LANGUAGE_STANDARD = c11;
				GCC_INLINES_ARE_PRIVATE_EXTERN = YES;
				GCC_MODEL_TUNING = G5;
				GCC_NO_COMMON_BLOCKS = YES;
				GCC_WARN_64_TO_32_BIT_CONVERSION = YES;
				GCC_WARN_ABOUT_RETURN_TYPE = YES;
				GCC_WARN_CHECK_SWITCH_STATEMENTS = YES;
				GCC_WARN_MISSING_PARENTHESES = YES;
				GCC_WARN_NON_VIRTUAL_DESTRUCTOR = YES;
				GCC_WARN_TYPECHECK_CALLS_TO_PRINTF = YES;
				GCC_WARN_UNDECLARED_SELECTOR = YES;
				GCC_WARN_UNINITIALIZED_AUTOS = YES;
				GCC_WARN_UNUSED_FUNCTION = YES;
				GCC_WARN_UNUSED_VARIABLE = YES;
				PRODUCT_NAME = "fmPlugIn";
				WARNING_CFLAGS = "-Wreorder";
				ZERO_LINK = NO;
			};
			name = Release;
		};
		9AE935DDEF9D67E77773D4F3 = {
			isa = PBXTargetDependency;
			target = 2F6FF9B24C78195DE7BD9747;
		};
		BF8036F9FB3CBBF896347795 = {
			isa = PBXTargetDependency;
			target = EFFDB5875C4FB20FD0A0471A;
		};
		F5EF89FFC078C9ED7CFD5B8A = {
			isa = PBXTargetDependency;
			target = 8420A3E450F779144A4DAAE2;
		};
		39E3F28C0A1F59A1442314B3 = {
			isa = PBXTargetDependency;
			target = 3D6DF3BD66E5E1E2A583F1CB;
		};
		C9BBDB77B5A09E953DED4D89 = {
			isa = XCConfigurationList;
			buildConfigurations = (
				D15F70CD392080472C9CCE38,
				B60415F331C1ACFED5AC0212,
			);
			defaultConfigurationIsVisible = 0;
			defaultConfigurationName = Debug;
		};
		0E28ADBBA6430E7653F09E86 = {
			isa = XCConfigurationList;
			buildConfigurations = (
				E705BB92D75ABF0AEF647399,
				5B4FA5B69204720EAAE149AF,
			);
			defaultConfigurationIsVisible = 0;
			defaultConfigurationName = Debug;
		};
		C59C934E977738FD9130B175 = {
			isa = PBXAggregateTarget;
			buildConfigurationList = 0E28ADBBA6430E7653F09E86;
			buildPhases = ( );
			buildRules = ( );
			dependencies = (
				9AE935DDEF9D67E77773D4F3,
				BF8036F9FB3CBBF896347795,
				F5EF89FFC078C9ED7CFD5B8A,
				39E3F28C0A1F59A1442314B3,
			);
			name = "fmPlugIn - All";
			productName = fmPlugIn;
		};
		D1204107FD141DA0FBD0EE1E = {
			isa = XCConfigurationList;
			buildConfigurations = (
				CF4935BDC6ABDB7BA948E7D0,
				F73A096A7B09199E5479DC2B,
			);
			defaultConfigurationIsVisible = 0;
			defaultConfigurationName = Debug;
		};
		92F5905A6E53666F1FD158BE = {
			isa = PBXResourcesBuildPhase;
			buildActionMask = 2147483647;
			files = (
				54A4388376A46476568DA001,
			);
			runOnlyForDeploymentPostprocessing = 0;
		};
		43606F2A1F4AB2397D4C0968 = {
			isa = PBXSourcesBuildPhase;
			buildActionMask = 2147483647;
			files = (
				578C5EC08047EBFCEEB95ABF,
			);
			runOnlyForDeploymentPostprocessing = 0;
		};
		E7C1D3EBF191F149ACB51D17 = {
			isa = PBXFrameworksBuildPhase;
			buildActionMask = 2147483647;
			files = (
				996AE9EBE27E2EEB70873F82,
				52F2EF961FC9249457F0880D,
				2B26137D005C5D6D3B2448F8,
				2D0DB644B0BB74F7B0CDA569,
				842DE34A6111CCAA5536C6DB,
				DDDF5B70A8E670D6DC36BF19,
				7636AA00FE96C5DB98FE4D34,
				663243235BB1DA5A2FA2EDA4,
				4CA0CB5F2702E554CA152C4D,
				BB3FCB335F62FF68F26F48CD,
				14FAA3606E5D7950468E4556,
				36A7FE862165CECCC85C81C4,
			);
			runOnlyForDeploymentPostprocessing = 0;
		};
		2F6FF9B24C78195DE7BD9747 = {
			isa = PBXNativeTarget;
			buildConfigurationList = D1204107FD141DA0FBD0EE1E;
			buildPhases = (
				92F5905A6E53666F1FD158BE,
				43606F2A1F4AB2397D4C0968,
				E7C1D3EBF191F149ACB51D17,
			);
			buildRules = ( );
			dependencies = (
				39E3F28C0A1F59A1442314B3,
			);
			name = "fmPlugIn - VST3";
			productName = fmPlugIn;
			productReference = 34E7A5322FE2D41D40239D9C;
			productType = "com.apple.product-type.bundle";
		};
		BE21E34F1571DF61EE12AE1F = {
			isa = XCConfigurationList;
			buildConfigurations = (
				DA0AAAE37633F23984DD8D6A,
				AD8F6D7ED90A5C4EA1BBF0A2,
			);
			defaultConfigurationIsVisible = 0;
			defaultConfigurationName = Debug;
		};
		980A719E48DC076EAFCE4A77 = {
			isa = PBXResourcesBuildPhase;
			buildActionMask = 2147483647;
			files = (
				54A4388376A46476568DA001,
			);
			runOnlyForDeploymentPostprocessing = 0;
		};
		1B5D2DC18D0B11DAFDEDCAD0 = {
			isa = PBXRezBuildPhase;
			buildActionMask = 2147483647;
			files = (
				C6657F7458109A82D247B9C6,
			);
			runOnlyForDeploymentPostprocessing = 0;
		};
		75DBDCA79ADD289CF1EC80B2 = {
			isa = PBXSourcesBuildPhase;
			buildActionMask = 2147483647;
			files = (
				EE8467BEDEFA39695E20F5EE,
				830CEE9F8BD320A4520A4D77,
			);
			runOnlyForDeploymentPostprocessing = 0;
		};
		9FA6EF5019774EEEDBE70CEE = {
			isa = PBXFrameworksBuildPhase;
			buildActionMask = 2147483647;
			files = (
				996AE9EBE27E2EEB70873F82,
				52F2EF961FC9249457F0880D,
				83EF979D1781A5EF82B5BD9E,
				2B26137D005C5D6D3B2448F8,
				2D0DB644B0BB74F7B0CDA569,
				842DE34A6111CCAA5536C6DB,
				DDDF5B70A8E670D6DC36BF19,
				7636AA00FE96C5DB98FE4D34,
				663243235BB1DA5A2FA2EDA4,
				4CA0CB5F2702E554CA152C4D,
				BB3FCB335F62FF68F26F48CD,
				14FAA3606E5D7950468E4556,
				36A7FE862165CECCC85C81C4,
			);
			runOnlyForDeploymentPostprocessing = 0;
		};
		EFFDB5875C4FB20FD0A0471A = {
			isa = PBXNativeTarget;
			buildConfigurationList = BE21E34F1571DF61EE12AE1F;
			buildPhases = (
				980A719E48DC076EAFCE4A77,
				1B5D2DC18D0B11DAFDEDCAD0,
				75DBDCA79ADD289CF1EC80B2,
				9FA6EF5019774EEEDBE70CEE,
			);
			buildRules = ( );
			dependencies = (
				39E3F28C0A1F59A1442314B3,
			);
			name = "fmPlugIn - AU";
			productName = fmPlugIn;
			productReference = F64D1E4FE8B636E1A1845ACB;
			productType = "com.apple.product-type.bundle";
		};
		605C9865E1EA2335927398E3 = {
			isa = XCConfigurationList;
			buildConfigurations = (
				0108B10409A50802A9E9AA6E,
				26FB823DDDF6B9BB7F17A787,
			);
			defaultConfigurationIsVisible = 0;
			defaultConfigurationName = Debug;
		};
		6735478712D26174D1314CDC = {
			isa = PBXResourcesBuildPhase;
			buildActionMask = 2147483647;
			files = (
				54A4388376A46476568DA001,
			);
			runOnlyForDeploymentPostprocessing = 0;
		};
		AA1A0E306FA4C086DEA08259 = {
			isa = PBXSourcesBuildPhase;
			buildActionMask = 2147483647;
			files = (
				09BB1F1AEC8CF459408ACEF7,
			);
			runOnlyForDeploymentPostprocessing = 0;
		};
		91FE643D55AEEFC16CC3E8EA = {
			isa = PBXFrameworksBuildPhase;
			buildActionMask = 2147483647;
			files = (
				996AE9EBE27E2EEB70873F82,
				52F2EF961FC9249457F0880D,
				2B26137D005C5D6D3B2448F8,
				2D0DB644B0BB74F7B0CDA569,
				842DE34A6111CCAA5536C6DB,
				DDDF5B70A8E670D6DC36BF19,
				7636AA00FE96C5DB98FE4D34,
				663243235BB1DA5A2FA2EDA4,
				4CA0CB5F2702E554CA152C4D,
				BB3FCB335F62FF68F26F48CD,
				14FAA3606E5D7950468E4556,
				36A7FE862165CECCC85C81C4,
			);
			runOnlyForDeploymentPostprocessing = 0;
		};
		8420A3E450F779144A4DAAE2 = {
			isa = PBXNativeTarget;
			buildConfigurationList = 605C9865E1EA2335927398E3;
			buildPhases = (
				6735478712D26174D1314CDC,
				AA1A0E306FA4C086DEA08259,
				91FE643D55AEEFC16CC3E8EA,
			);
			buildRules = ( );
			dependencies = (
				39E3F28C0A1F59A1442314B3,
			);
			name = "fmPlugIn - Standalone Plugin";
			productName = fmPlugIn;
			productReference = D3018ED572398DE9592E641E;
			productType = "com.apple.product-type.application";
		};
		FF229A4F1D4A48631B0967A4 = {
			isa = XCConfigurationList;
			buildConfigurations = (
				15009C427AC80CCC42A713FD,
				FF2E27E262591DD6FBE47919,
			);
			defaultConfigurationIsVisible = 0;
			defaultConfigurationName = Debug;
		};
		673889FB873AA3BBC1B43D9F = {
			isa = PBXSourcesBuildPhase;
			buildActionMask = 2147483647;
			files = (
				CEE59AB37B617682EAB6EBA0,
				AFE8770FDFDDDFA187DD1C0F,
				E8951BF2E9F6A983AAD11591,
				7CDB4409091A410ACB066585,
				541D82CBEF597A2413DF36A6,
				369DEE42ADCC21CC070840AC,
				DEBDEC9831595D0A4A64AE0A,
				BF003E5B5A0891E985432490,
				95ED77AB18E7E41785E8867F,
				3EEA3BBD7052B7F5E58EF779,
				EDDB50B587C119B79B16C277,
				BF8CA60D6A06500B63C79E2E,
				D276F605AEC36C6433DD50CB,
				0CB1C7E5162F7005FB3909DB,
				BF5790A990702D96123FAD64,
				5668722EE764E211634DCE0A,
				12B7FEA90B9ECD328D6484AF,
			);
			runOnlyForDeploymentPostprocessing = 0;
		};
		3D6DF3BD66E5E1E2A583F1CB = {
			isa = PBXNativeTarget;
			buildConfigurationList = FF229A4F1D4A48631B0967A4;
			buildPhases = (
				673889FB873AA3BBC1B43D9F,
			);
			buildRules = ( );
			dependencies = ( );
			name = "fmPlugIn - Shared Code";
			productName = fmPlugIn;
			productReference = AD02C199297B3352BA5826EC;
			productType = "com.apple.product-type.library.static";
		};
		1D861EEAA3D7E623317AFFDF = {
			isa = PBXProject;
			buildConfigurationList = C9BBDB77B5A09E953DED4D89;
			attributes = { LastUpgradeCheck = 1100; ORGANIZATIONNAME = ""; TargetAttributes = { C59C934E977738FD9130B175 = { SystemCapabilities = {com.apple.ApplicationGroups.iOS = { enabled = 0; }; com.apple.InAppPurchase = { enabled = 0; }; com.apple.InterAppAudio = { enabled = 0; }; com.apple.Push = { enabled = 0; }; com.apple.Sandbox = { enabled = 0; }; com.apple.HardenedRuntime = { enabled = 0; }; }; };2F6FF9B24C78195DE7BD9747 = { SystemCapabilities = {com.apple.ApplicationGroups.iOS = { enabled = 0; }; com.apple.InAppPurchase = { enabled = 0; }; com.apple.InterAppAudio = { enabled = 0; }; com.apple.Push = { enabled = 0; }; com.apple.Sandbox = { enabled = 0; }; com.apple.HardenedRuntime = { enabled = 0; }; }; };EFFDB5875C4FB20FD0A0471A = { SystemCapabilities = {com.apple.ApplicationGroups.iOS = { enabled = 0; }; com.apple.InAppPurchase = { enabled = 0; }; com.apple.InterAppAudio = { enabled = 0; }; com.apple.Push = { enabled = 0; }; com.apple.Sandbox = { enabled = 0; }; com.apple.HardenedRuntime = { enabled = 0; }; }; };8420A3E450F779144A4DAAE2 = { SystemCapabilities = {com.apple.ApplicationGroups.iOS = { enabled = 0; }; com.apple.InAppPurchase = { enabled = 0; }; com.apple.InterAppAudio = { enabled = 0; }; com.apple.Push = { enabled = 0; }; com.apple.Sandbox = { enabled = 0; }; com.apple.HardenedRuntime = { enabled = 0; }; }; };3D6DF3BD66E5E1E2A583F1CB = { SystemCapabilities = {com.apple.ApplicationGroups.iOS = { enabled = 0; }; com.apple.InAppPurchase = { enabled = 0; }; com.apple.InterAppAudio = { enabled = 0; }; com.apple.Push = { enabled = 0; }; com.apple.Sandbox = { enabled = 0; }; com.apple.HardenedRuntime = { enabled = 0; }; }; }; }; };
			compatibilityVersion = "Xcode 3.2";
			hasScannedForEncodings = 0;
			mainGroup = 5A0C429B12C5AA9998708AF5;
			projectDirPath = "";
			projectRoot = "";
			targets = (C59C934E977738FD9130B175, 2F6FF9B24C78195DE7BD9747, EFFDB5875C4FB20FD0A0471A, 8420A3E450F779144A4DAAE2, 3D6DF3BD66E5E1E2A583F1CB);
			knownRegions = (en, Base);
		};
	};
	rootObject = 1D861EEAA3D7E623317AFFDF;
}
